// !$*UTF8*$!
{
	archiveVersion = 1;
	classes = {
	};
	objectVersion = 46;
	objects = {

/* Begin PBXBuildFile section */
		1514A69C1B8B9B1E0098CAD5 /* Unchecked Checkbox-64.png in Resources */ = {isa = PBXBuildFile; fileRef = 1514A69B1B8B9B1E0098CAD5 /* Unchecked Checkbox-64.png */; };
		1514A6A11B8BA2E90098CAD5 /* FBSDKCoreKit.framework in Frameworks */ = {isa = PBXBuildFile; fileRef = 1514A69F1B8BA2E90098CAD5 /* FBSDKCoreKit.framework */; };
		1514A6A21B8BA2E90098CAD5 /* FBSDKLoginKit.framework in Frameworks */ = {isa = PBXBuildFile; fileRef = 1514A6A01B8BA2E90098CAD5 /* FBSDKLoginKit.framework */; settings = {ATTRIBUTES = (Required, ); }; };
		1514A6A41B8BA2FD0098CAD5 /* FBSDKShareKit.framework in Frameworks */ = {isa = PBXBuildFile; fileRef = 1514A6A31B8BA2FD0098CAD5 /* FBSDKShareKit.framework */; };
		1514A6A61B8BA92C0098CAD5 /* Speech Bubble Filled-50.png in Resources */ = {isa = PBXBuildFile; fileRef = 1514A6A51B8BA92C0098CAD5 /* Speech Bubble Filled-50.png */; };
		1514A6A81B8BA97C0098CAD5 /* Camera-32.png in Resources */ = {isa = PBXBuildFile; fileRef = 1514A6A71B8BA97C0098CAD5 /* Camera-32.png */; };
		151976AA1B727DB600E03E48 /* main.m in Sources */ = {isa = PBXBuildFile; fileRef = 151976A91B727DB600E03E48 /* main.m */; };
		151976AD1B727DB600E03E48 /* AppDelegate.m in Sources */ = {isa = PBXBuildFile; fileRef = 151976AC1B727DB600E03E48 /* AppDelegate.m */; };
		151976B01B727DB600E03E48 /* ViewController.m in Sources */ = {isa = PBXBuildFile; fileRef = 151976AF1B727DB600E03E48 /* ViewController.m */; };
		151976B51B727DB600E03E48 /* Images.xcassets in Resources */ = {isa = PBXBuildFile; fileRef = 151976B41B727DB600E03E48 /* Images.xcassets */; };
		151976B81B727DB600E03E48 /* LaunchScreen.xib in Resources */ = {isa = PBXBuildFile; fileRef = 151976B61B727DB600E03E48 /* LaunchScreen.xib */; };
		151976C41B727DB600E03E48 /* ASLfishiesTests.m in Sources */ = {isa = PBXBuildFile; fileRef = 151976C31B727DB600E03E48 /* ASLfishiesTests.m */; };
		151976E41B727E4800E03E48 /* Settings-32-2.png in Resources */ = {isa = PBXBuildFile; fileRef = 151976D21B727E4800E03E48 /* Settings-32-2.png */; };
		151976F01B727E4800E03E48 /* Unchecked Checkbox-50.png in Resources */ = {isa = PBXBuildFile; fileRef = 151976DE1B727E4800E03E48 /* Unchecked Checkbox-50.png */; };
		15834B7D1B87B135009AB9B6 /* iPhone 6.png in Resources */ = {isa = PBXBuildFile; fileRef = 15834B7C1B87B135009AB9B6 /* iPhone 6.png */; };
		15834C361B87B367009AB9B6 /* Good Quality-50.png in Resources */ = {isa = PBXBuildFile; fileRef = 15834C151B87B366009AB9B6 /* Good Quality-50.png */; };
		15834C391B87B367009AB9B6 /* lightgrayCheckbox.png in Resources */ = {isa = PBXBuildFile; fileRef = 15834C181B87B366009AB9B6 /* lightgrayCheckbox.png */; };
		15834C3A1B87B367009AB9B6 /* Home-32 copy 2.png in Resources */ = {isa = PBXBuildFile; fileRef = 15834C191B87B366009AB9B6 /* Home-32 copy 2.png */; };
		15834C3B1B87B367009AB9B6 /* lightgrayUnCheckbox.png in Resources */ = {isa = PBXBuildFile; fileRef = 15834C1A1B87B366009AB9B6 /* lightgrayUnCheckbox.png */; };
		15834C3C1B87B367009AB9B6 /* User Female-50.png in Resources */ = {isa = PBXBuildFile; fileRef = 15834C1B1B87B366009AB9B6 /* User Female-50.png */; };
		15834C3F1B87B367009AB9B6 /* Gender Neutral User-50.png in Resources */ = {isa = PBXBuildFile; fileRef = 15834C1E1B87B366009AB9B6 /* Gender Neutral User-50.png */; };
		15834C461B87B367009AB9B6 /* Home-50-2.png in Resources */ = {isa = PBXBuildFile; fileRef = 15834C251B87B366009AB9B6 /* Home-50-2.png */; };
		15834C471B87B367009AB9B6 /* Home-32.png in Resources */ = {isa = PBXBuildFile; fileRef = 15834C261B87B366009AB9B6 /* Home-32.png */; };
		15834C491B87B367009AB9B6 /* Speech Bubble-50.png in Resources */ = {isa = PBXBuildFile; fileRef = 15834C281B87B367009AB9B6 /* Speech Bubble-50.png */; };
		15834C4E1B87B367009AB9B6 /* Hearing-50.png in Resources */ = {isa = PBXBuildFile; fileRef = 15834C2D1B87B367009AB9B6 /* Hearing-50.png */; };
		15834C501B87B367009AB9B6 /* Gender Neutral User-32.png in Resources */ = {isa = PBXBuildFile; fileRef = 15834C2F1B87B367009AB9B6 /* Gender Neutral User-32.png */; };
		15834C511B87B367009AB9B6 /* User Male-50.png in Resources */ = {isa = PBXBuildFile; fileRef = 15834C301B87B367009AB9B6 /* User Male-50.png */; };
		15834C551B87B367009AB9B6 /* Home-32 copy.png in Resources */ = {isa = PBXBuildFile; fileRef = 15834C341B87B367009AB9B6 /* Home-32 copy.png */; };
		15834C5B1B87B372009AB9B6 /* Checked Checkbox-50.png in Resources */ = {isa = PBXBuildFile; fileRef = 15834C571B87B372009AB9B6 /* Checked Checkbox-50.png */; };
		15834C5C1B87B372009AB9B6 /* Checked Checkbox 2-64.png in Resources */ = {isa = PBXBuildFile; fileRef = 15834C581B87B372009AB9B6 /* Checked Checkbox 2-64.png */; };
		15834C5E1B87B372009AB9B6 /* deafguy.jpg in Resources */ = {isa = PBXBuildFile; fileRef = 15834C5A1B87B372009AB9B6 /* deafguy.jpg */; };
		15834C601B88C638009AB9B6 /* Speech Bubble-32.png in Resources */ = {isa = PBXBuildFile; fileRef = 15834C5F1B88C638009AB9B6 /* Speech Bubble-32.png */; };
		15834C621B88C73B009AB9B6 /* Poor Quality-50.png in Resources */ = {isa = PBXBuildFile; fileRef = 15834C611B88C73B009AB9B6 /* Poor Quality-50.png */; };
		15834C661B88D53C009AB9B6 /* Group.png in Resources */ = {isa = PBXBuildFile; fileRef = 15834C651B88D53C009AB9B6 /* Group.png */; };
		15A8F9A71B8FE69A00E2F2F7 /* iTunesArtwork@3x.png in Resources */ = {isa = PBXBuildFile; fileRef = 15A8F9A61B8FE69A00E2F2F7 /* iTunesArtwork@3x.png */; };
		15A8F9A91B8FE74900E2F2F7 /* ASLfishlogo.png in Resources */ = {isa = PBXBuildFile; fileRef = 15A8F9A81B8FE74900E2F2F7 /* ASLfishlogo.png */; };
		15A8F9EA1B92D2FB00E2F2F7 /* blank rectangle.png in Resources */ = {isa = PBXBuildFile; fileRef = 15A8F9E91B92D2FB00E2F2F7 /* blank rectangle.png */; };
		15A8F9EC1B92D36600E2F2F7 /* Hearing-50-2.png in Resources */ = {isa = PBXBuildFile; fileRef = 15A8F9EB1B92D36600E2F2F7 /* Hearing-50-2.png */; };
		15A8F9EE1B92D36C00E2F2F7 /* Not Hearing-50 copy.png in Resources */ = {isa = PBXBuildFile; fileRef = 15A8F9ED1B92D36C00E2F2F7 /* Not Hearing-50 copy.png */; };
		15A8F9F01B92D40A00E2F2F7 /* Hearing Aid-50.png in Resources */ = {isa = PBXBuildFile; fileRef = 15A8F9EF1B92D40A00E2F2F7 /* Hearing Aid-50.png */; };
		15A8F9F21B92D87200E2F2F7 /* User Female-50 copy.png in Resources */ = {isa = PBXBuildFile; fileRef = 15A8F9F11B92D87200E2F2F7 /* User Female-50 copy.png */; };
		15A8F9F41B92D87900E2F2F7 /* User Male-50 copy.png in Resources */ = {isa = PBXBuildFile; fileRef = 15A8F9F31B92D87900E2F2F7 /* User Male-50 copy.png */; };
		15A8F9F81B92DE0200E2F2F7 /* Fluent Circle.png in Resources */ = {isa = PBXBuildFile; fileRef = 15A8F9F51B92DE0200E2F2F7 /* Fluent Circle.png */; };
		15A8F9F91B92DE0200E2F2F7 /* Beginning Circle.png in Resources */ = {isa = PBXBuildFile; fileRef = 15A8F9F61B92DE0200E2F2F7 /* Beginning Circle.png */; };
		15A8F9FA1B92DE0200E2F2F7 /* Average Circle.png in Resources */ = {isa = PBXBuildFile; fileRef = 15A8F9F71B92DE0200E2F2F7 /* Average Circle.png */; };
		15A8FA041B92E4D100E2F2F7 /* hofh circle.png in Resources */ = {isa = PBXBuildFile; fileRef = 15A8FA011B92E4D100E2F2F7 /* hofh circle.png */; };
		15A8FA051B92E4D100E2F2F7 /* hearing circle.png in Resources */ = {isa = PBXBuildFile; fileRef = 15A8FA021B92E4D100E2F2F7 /* hearing circle.png */; };
		15A8FA061B92E4D100E2F2F7 /* deaf circle.png in Resources */ = {isa = PBXBuildFile; fileRef = 15A8FA031B92E4D100E2F2F7 /* deaf circle.png */; };
		15A8FA0A1B92EFC100E2F2F7 /* Male Circle.png in Resources */ = {isa = PBXBuildFile; fileRef = 15A8FA071B92EFC100E2F2F7 /* Male Circle.png */; };
		15A8FA0B1B92EFC100E2F2F7 /* Female Circle.png in Resources */ = {isa = PBXBuildFile; fileRef = 15A8FA081B92EFC100E2F2F7 /* Female Circle.png */; };
		15A8FA0C1B92EFC100E2F2F7 /* Any.png in Resources */ = {isa = PBXBuildFile; fileRef = 15A8FA091B92EFC100E2F2F7 /* Any.png */; };
		15A8FA0E1B953CA900E2F2F7 /* clear rectangle.png in Resources */ = {isa = PBXBuildFile; fileRef = 15A8FA0D1B953CA900E2F2F7 /* clear rectangle.png */; };
		15A8FA101B953DBA00E2F2F7 /* Poor Quality Filled-50 copy.png in Resources */ = {isa = PBXBuildFile; fileRef = 15A8FA0F1B953DBA00E2F2F7 /* Poor Quality Filled-50 copy.png */; };
		15A8FA121B9546E400E2F2F7 /* FB login with.png in Resources */ = {isa = PBXBuildFile; fileRef = 15A8FA111B9546E400E2F2F7 /* FB login with.png */; };
		15A8FA161B9554EC00E2F2F7 /* FB Login.png in Resources */ = {isa = PBXBuildFile; fileRef = 15A8FA151B9554EC00E2F2F7 /* FB Login.png */; };
		15BD07D51B72D47600E16CB1 /* Video Call-32.png in Resources */ = {isa = PBXBuildFile; fileRef = 15BD07D41B72D47600E16CB1 /* Video Call-32.png */; };
		15BD07DA1B72DC1700E16CB1 /* IntroViewController.m in Sources */ = {isa = PBXBuildFile; fileRef = 15BD07D91B72DC1700E16CB1 /* IntroViewController.m */; };
		15E360DA1B7BC54A0094A2C5 /* ContinueViewController.m in Sources */ = {isa = PBXBuildFile; fileRef = 15E360D91B7BC54A0094A2C5 /* ContinueViewController.m */; };
		15E3611D1B7C27EC0094A2C5 /* Main.storyboard in Resources */ = {isa = PBXBuildFile; fileRef = 15E3611B1B7C27EC0094A2C5 /* Main.storyboard */; };
		15E361451B7F92200094A2C5 /* Good Quality Filled-50.png in Resources */ = {isa = PBXBuildFile; fileRef = 15E361431B7F92200094A2C5 /* Good Quality Filled-50.png */; };
		15E361571B7F95560094A2C5 /* EditProfileViewController.m in Sources */ = {isa = PBXBuildFile; fileRef = 15E361561B7F95560094A2C5 /* EditProfileViewController.m */; };
		15E3615A1B7F98320094A2C5 /* SettingsViewController.m in Sources */ = {isa = PBXBuildFile; fileRef = 15E361591B7F98320094A2C5 /* SettingsViewController.m */; };
		15E361921B8426BF0094A2C5 /* UserViewController.m in Sources */ = {isa = PBXBuildFile; fileRef = 15E361911B8426BF0094A2C5 /* UserViewController.m */; };
		15E361991B855B0F0094A2C5 /* AVFoundation.framework in Frameworks */ = {isa = PBXBuildFile; fileRef = 15E361981B855B0F0094A2C5 /* AVFoundation.framework */; };
		15E3619B1B855B1F0094A2C5 /* CoreMedia.framework in Frameworks */ = {isa = PBXBuildFile; fileRef = 15E3619A1B855B1F0094A2C5 /* CoreMedia.framework */; };
		15E3619D1B855B300094A2C5 /* AssetsLibrary.framework in Frameworks */ = {isa = PBXBuildFile; fileRef = 15E3619C1B855B300094A2C5 /* AssetsLibrary.framework */; };
		15E3619F1B855BA10094A2C5 /* Foundation.framework in Frameworks */ = {isa = PBXBuildFile; fileRef = 15E3619E1B855BA10094A2C5 /* Foundation.framework */; };
		15E361A11B8560620094A2C5 /* MessageUI.framework in Frameworks */ = {isa = PBXBuildFile; fileRef = 15E361A01B8560620094A2C5 /* MessageUI.framework */; };
		15E361A61B8597DC0094A2C5 /* Intro.m in Sources */ = {isa = PBXBuildFile; fileRef = 15E361A51B8597DC0094A2C5 /* Intro.m */; };
		15E361AE1B85A2CD0094A2C5 /* Bolts.framework in Frameworks */ = {isa = PBXBuildFile; fileRef = 15E361AC1B85A2CD0094A2C5 /* Bolts.framework */; };
		15E361AF1B85A2CD0094A2C5 /* Parse.framework in Frameworks */ = {isa = PBXBuildFile; fileRef = 15E361AD1B85A2CD0094A2C5 /* Parse.framework */; };
		15E361B11B85A2E90094A2C5 /* AudioToolbox.framework in Frameworks */ = {isa = PBXBuildFile; fileRef = 15E361B01B85A2E90094A2C5 /* AudioToolbox.framework */; };
		15E361B31B85A2F30094A2C5 /* CFNetwork.framework in Frameworks */ = {isa = PBXBuildFile; fileRef = 15E361B21B85A2F30094A2C5 /* CFNetwork.framework */; };
		15E361B51B85A2FC0094A2C5 /* CoreGraphics.framework in Frameworks */ = {isa = PBXBuildFile; fileRef = 15E361B41B85A2FC0094A2C5 /* CoreGraphics.framework */; };
		15E361B71B85A30C0094A2C5 /* CoreLocation.framework in Frameworks */ = {isa = PBXBuildFile; fileRef = 15E361B61B85A30C0094A2C5 /* CoreLocation.framework */; };
		15E361B91B85A34F0094A2C5 /* Security.framework in Frameworks */ = {isa = PBXBuildFile; fileRef = 15E361B81B85A34F0094A2C5 /* Security.framework */; };
		15E361BB1B85A3600094A2C5 /* StoreKit.framework in Frameworks */ = {isa = PBXBuildFile; fileRef = 15E361BA1B85A3600094A2C5 /* StoreKit.framework */; };
		15E361BD1B85A36E0094A2C5 /* SystemConfiguration.framework in Frameworks */ = {isa = PBXBuildFile; fileRef = 15E361BC1B85A36E0094A2C5 /* SystemConfiguration.framework */; };
		15E361BF1B85A37A0094A2C5 /* libz.dylib in Frameworks */ = {isa = PBXBuildFile; fileRef = 15E361BE1B85A37A0094A2C5 /* libz.dylib */; };
		15E361C11B85A3890094A2C5 /* libsqlite3.dylib in Frameworks */ = {isa = PBXBuildFile; fileRef = 15E361C01B85A3890094A2C5 /* libsqlite3.dylib */; };
		15E361C31B85A3C30094A2C5 /* Accounts.framework in Frameworks */ = {isa = PBXBuildFile; fileRef = 15E361C21B85A3C30094A2C5 /* Accounts.framework */; };
		15E361C51B85A3CC0094A2C5 /* Social.framework in Frameworks */ = {isa = PBXBuildFile; fileRef = 15E361C41B85A3CC0094A2C5 /* Social.framework */; };
		15E361C81B86ADB60094A2C5 /* MessagesTableViewController.m in Sources */ = {isa = PBXBuildFile; fileRef = 15E361C71B86ADB60094A2C5 /* MessagesTableViewController.m */; };
		15E361CB1B86B5F90094A2C5 /* MessageTableViewCell.m in Sources */ = {isa = PBXBuildFile; fileRef = 15E361CA1B86B5F90094A2C5 /* MessageTableViewCell.m */; };
/* End PBXBuildFile section */

/* Begin PBXContainerItemProxy section */
		151976BE1B727DB600E03E48 /* PBXContainerItemProxy */ = {
			isa = PBXContainerItemProxy;
			containerPortal = 1519769C1B727DB600E03E48 /* Project object */;
			proxyType = 1;
			remoteGlobalIDString = 151976A31B727DB600E03E48;
			remoteInfo = ASLfishies;
		};
/* End PBXContainerItemProxy section */

/* Begin PBXFileReference section */
		1514A69B1B8B9B1E0098CAD5 /* Unchecked Checkbox-64.png */ = {isa = PBXFileReference; lastKnownFileType = image.png; name = "Unchecked Checkbox-64.png"; path = "../../../../Desktop/Unchecked Checkbox-64.png"; sourceTree = "<group>"; };
		1514A69F1B8BA2E90098CAD5 /* FBSDKCoreKit.framework */ = {isa = PBXFileReference; lastKnownFileType = wrapper.framework; path = FBSDKCoreKit.framework; sourceTree = SOURCE_ROOT; };
		1514A6A01B8BA2E90098CAD5 /* FBSDKLoginKit.framework */ = {isa = PBXFileReference; lastKnownFileType = wrapper.framework; path = FBSDKLoginKit.framework; sourceTree = SOURCE_ROOT; };
		1514A6A31B8BA2FD0098CAD5 /* FBSDKShareKit.framework */ = {isa = PBXFileReference; lastKnownFileType = wrapper.framework; path = FBSDKShareKit.framework; sourceTree = SOURCE_ROOT; };
		1514A6A51B8BA92C0098CAD5 /* Speech Bubble Filled-50.png */ = {isa = PBXFileReference; lastKnownFileType = image.png; name = "Speech Bubble Filled-50.png"; path = "../../../../Desktop/Speech Bubble Filled-50.png"; sourceTree = "<group>"; };
		1514A6A71B8BA97C0098CAD5 /* Camera-32.png */ = {isa = PBXFileReference; lastKnownFileType = image.png; name = "Camera-32.png"; path = "../../../../Desktop/Camera-32.png"; sourceTree = "<group>"; };
		1514A6A91B8BAA2C0098CAD5 /* Speech Bubble Filled-50.png */ = {isa = PBXFileReference; lastKnownFileType = image.png; name = "Speech Bubble Filled-50.png"; path = "../../../Desktop/Speech Bubble Filled-50.png"; sourceTree = "<group>"; };
		1514A6AA1B8BAA2C0098CAD5 /* Camera-32.png */ = {isa = PBXFileReference; lastKnownFileType = image.png; name = "Camera-32.png"; path = "../../../Desktop/Camera-32.png"; sourceTree = "<group>"; };
		151976A41B727DB600E03E48 /* ASLfish.app */ = {isa = PBXFileReference; explicitFileType = wrapper.application; includeInIndex = 0; path = ASLfish.app; sourceTree = BUILT_PRODUCTS_DIR; };
		151976A81B727DB600E03E48 /* Info.plist */ = {isa = PBXFileReference; lastKnownFileType = text.plist.xml; path = Info.plist; sourceTree = "<group>"; };
		151976A91B727DB600E03E48 /* main.m */ = {isa = PBXFileReference; lastKnownFileType = sourcecode.c.objc; path = main.m; sourceTree = "<group>"; };
		151976AB1B727DB600E03E48 /* AppDelegate.h */ = {isa = PBXFileReference; lastKnownFileType = sourcecode.c.h; path = AppDelegate.h; sourceTree = "<group>"; };
		151976AC1B727DB600E03E48 /* AppDelegate.m */ = {isa = PBXFileReference; lastKnownFileType = sourcecode.c.objc; path = AppDelegate.m; sourceTree = "<group>"; };
		151976AE1B727DB600E03E48 /* ViewController.h */ = {isa = PBXFileReference; lastKnownFileType = sourcecode.c.h; path = ViewController.h; sourceTree = "<group>"; };
		151976AF1B727DB600E03E48 /* ViewController.m */ = {isa = PBXFileReference; lastKnownFileType = sourcecode.c.objc; path = ViewController.m; sourceTree = "<group>"; };
		151976B41B727DB600E03E48 /* Images.xcassets */ = {isa = PBXFileReference; lastKnownFileType = folder.assetcatalog; path = Images.xcassets; sourceTree = "<group>"; };
		151976B71B727DB600E03E48 /* Base */ = {isa = PBXFileReference; lastKnownFileType = file.xib; name = Base; path = Base.lproj/LaunchScreen.xib; sourceTree = "<group>"; };
		151976BD1B727DB600E03E48 /* ASLfishTests.xctest */ = {isa = PBXFileReference; explicitFileType = wrapper.cfbundle; includeInIndex = 0; path = ASLfishTests.xctest; sourceTree = BUILT_PRODUCTS_DIR; };
		151976C21B727DB600E03E48 /* Info.plist */ = {isa = PBXFileReference; lastKnownFileType = text.plist.xml; path = Info.plist; sourceTree = "<group>"; };
		151976C31B727DB600E03E48 /* ASLfishiesTests.m */ = {isa = PBXFileReference; lastKnownFileType = sourcecode.c.objc; path = ASLfishiesTests.m; sourceTree = "<group>"; };
		151976D21B727E4800E03E48 /* Settings-32-2.png */ = {isa = PBXFileReference; lastKnownFileType = image.png; name = "Settings-32-2.png"; path = "../../ASLfish/ASLfish/Settings-32-2.png"; sourceTree = "<group>"; };
		151976DE1B727E4800E03E48 /* Unchecked Checkbox-50.png */ = {isa = PBXFileReference; lastKnownFileType = image.png; name = "Unchecked Checkbox-50.png"; path = "../../ASLfish/ASLfish/Unchecked Checkbox-50.png"; sourceTree = "<group>"; };
		15834B7C1B87B135009AB9B6 /* iPhone 6.png */ = {isa = PBXFileReference; lastKnownFileType = image.png; name = "iPhone 6.png"; path = "../../../../Desktop/Sketch StoryBoard/iPhone 6.png"; sourceTree = "<group>"; };
		15834C151B87B366009AB9B6 /* Good Quality-50.png */ = {isa = PBXFileReference; lastKnownFileType = image.png; name = "Good Quality-50.png"; path = "../../../../Desktop/Good Quality-50.png"; sourceTree = "<group>"; };
		15834C181B87B366009AB9B6 /* lightgrayCheckbox.png */ = {isa = PBXFileReference; lastKnownFileType = image.png; name = lightgrayCheckbox.png; path = ../../../../Desktop/lightgrayCheckbox.png; sourceTree = "<group>"; };
		15834C191B87B366009AB9B6 /* Home-32 copy 2.png */ = {isa = PBXFileReference; lastKnownFileType = image.png; name = "Home-32 copy 2.png"; path = "../../../../Desktop/Home-32 copy 2.png"; sourceTree = "<group>"; };
		15834C1A1B87B366009AB9B6 /* lightgrayUnCheckbox.png */ = {isa = PBXFileReference; lastKnownFileType = image.png; name = lightgrayUnCheckbox.png; path = ../../../../Desktop/lightgrayUnCheckbox.png; sourceTree = "<group>"; };
		15834C1B1B87B366009AB9B6 /* User Female-50.png */ = {isa = PBXFileReference; lastKnownFileType = image.png; name = "User Female-50.png"; path = "../../../../Desktop/User Female-50.png"; sourceTree = "<group>"; };
		15834C1E1B87B366009AB9B6 /* Gender Neutral User-50.png */ = {isa = PBXFileReference; lastKnownFileType = image.png; name = "Gender Neutral User-50.png"; path = "../../../../Desktop/Gender Neutral User-50.png"; sourceTree = "<group>"; };
		15834C251B87B366009AB9B6 /* Home-50-2.png */ = {isa = PBXFileReference; lastKnownFileType = image.png; name = "Home-50-2.png"; path = "../../../../Desktop/Home-50-2.png"; sourceTree = "<group>"; };
		15834C261B87B366009AB9B6 /* Home-32.png */ = {isa = PBXFileReference; lastKnownFileType = image.png; name = "Home-32.png"; path = "../../../../Desktop/Home-32.png"; sourceTree = "<group>"; };
		15834C281B87B367009AB9B6 /* Speech Bubble-50.png */ = {isa = PBXFileReference; lastKnownFileType = image.png; name = "Speech Bubble-50.png"; path = "../../../../Desktop/Speech Bubble-50.png"; sourceTree = "<group>"; };
		15834C2D1B87B367009AB9B6 /* Hearing-50.png */ = {isa = PBXFileReference; lastKnownFileType = image.png; name = "Hearing-50.png"; path = "../../../../Desktop/Hearing-50.png"; sourceTree = "<group>"; };
		15834C2F1B87B367009AB9B6 /* Gender Neutral User-32.png */ = {isa = PBXFileReference; lastKnownFileType = image.png; name = "Gender Neutral User-32.png"; path = "../../../../Desktop/Gender Neutral User-32.png"; sourceTree = "<group>"; };
		15834C301B87B367009AB9B6 /* User Male-50.png */ = {isa = PBXFileReference; lastKnownFileType = image.png; name = "User Male-50.png"; path = "../../../../Desktop/User Male-50.png"; sourceTree = "<group>"; };
		15834C341B87B367009AB9B6 /* Home-32 copy.png */ = {isa = PBXFileReference; lastKnownFileType = image.png; name = "Home-32 copy.png"; path = "../../../../Desktop/Home-32 copy.png"; sourceTree = "<group>"; };
		15834C571B87B372009AB9B6 /* Checked Checkbox-50.png */ = {isa = PBXFileReference; lastKnownFileType = image.png; name = "Checked Checkbox-50.png"; path = "../../../../Desktop/Checked Checkbox-50.png"; sourceTree = "<group>"; };
		15834C581B87B372009AB9B6 /* Checked Checkbox 2-64.png */ = {isa = PBXFileReference; lastKnownFileType = image.png; name = "Checked Checkbox 2-64.png"; path = "../../../../Desktop/Checked Checkbox 2-64.png"; sourceTree = "<group>"; };
		15834C5A1B87B372009AB9B6 /* deafguy.jpg */ = {isa = PBXFileReference; lastKnownFileType = image.jpeg; name = deafguy.jpg; path = ../../../../Desktop/deafguy.jpg; sourceTree = "<group>"; };
		15834C5F1B88C638009AB9B6 /* Speech Bubble-32.png */ = {isa = PBXFileReference; lastKnownFileType = image.png; name = "Speech Bubble-32.png"; path = "../../../../Desktop/Speech Bubble-32.png"; sourceTree = "<group>"; };
		15834C611B88C73B009AB9B6 /* Poor Quality-50.png */ = {isa = PBXFileReference; lastKnownFileType = image.png; name = "Poor Quality-50.png"; path = "../../../../Desktop/Poor Quality-50.png"; sourceTree = "<group>"; };
		15834C651B88D53C009AB9B6 /* Group.png */ = {isa = PBXFileReference; lastKnownFileType = image.png; name = Group.png; path = ../../../../Desktop/Group.png; sourceTree = "<group>"; };
		15A8F9A61B8FE69A00E2F2F7 /* iTunesArtwork@3x.png */ = {isa = PBXFileReference; lastKnownFileType = image.png; name = "iTunesArtwork@3x.png"; path = "../../../../Desktop/iTunesArtwork@3x.png"; sourceTree = "<group>"; };
		15A8F9A81B8FE74900E2F2F7 /* ASLfishlogo.png */ = {isa = PBXFileReference; lastKnownFileType = image.png; name = ASLfishlogo.png; path = ../../../../Desktop/ASLfishlogo.png; sourceTree = "<group>"; };
		15A8F9E91B92D2FB00E2F2F7 /* blank rectangle.png */ = {isa = PBXFileReference; lastKnownFileType = image.png; name = "blank rectangle.png"; path = "../../../../Desktop/blank rectangle.png"; sourceTree = "<group>"; };
		15A8F9EB1B92D36600E2F2F7 /* Hearing-50-2.png */ = {isa = PBXFileReference; lastKnownFileType = image.png; name = "Hearing-50-2.png"; path = "../../../../Desktop/Hearing-50-2.png"; sourceTree = "<group>"; };
		15A8F9ED1B92D36C00E2F2F7 /* Not Hearing-50 copy.png */ = {isa = PBXFileReference; lastKnownFileType = image.png; name = "Not Hearing-50 copy.png"; path = "../../../../Desktop/Not Hearing-50 copy.png"; sourceTree = "<group>"; };
		15A8F9EF1B92D40A00E2F2F7 /* Hearing Aid-50.png */ = {isa = PBXFileReference; lastKnownFileType = image.png; name = "Hearing Aid-50.png"; path = "../../../../Desktop/Hearing Aid-50.png"; sourceTree = "<group>"; };
		15A8F9F11B92D87200E2F2F7 /* User Female-50 copy.png */ = {isa = PBXFileReference; lastKnownFileType = image.png; name = "User Female-50 copy.png"; path = "../../../../Desktop/User Female-50 copy.png"; sourceTree = "<group>"; };
		15A8F9F31B92D87900E2F2F7 /* User Male-50 copy.png */ = {isa = PBXFileReference; lastKnownFileType = image.png; name = "User Male-50 copy.png"; path = "../../../../Desktop/User Male-50 copy.png"; sourceTree = "<group>"; };
		15A8F9F51B92DE0200E2F2F7 /* Fluent Circle.png */ = {isa = PBXFileReference; lastKnownFileType = image.png; name = "Fluent Circle.png"; path = "../../../../Desktop/Fluent Circle.png"; sourceTree = "<group>"; };
		15A8F9F61B92DE0200E2F2F7 /* Beginning Circle.png */ = {isa = PBXFileReference; lastKnownFileType = image.png; name = "Beginning Circle.png"; path = "../../../../Desktop/Beginning Circle.png"; sourceTree = "<group>"; };
		15A8F9F71B92DE0200E2F2F7 /* Average Circle.png */ = {isa = PBXFileReference; lastKnownFileType = image.png; name = "Average Circle.png"; path = "../../../../Desktop/Average Circle.png"; sourceTree = "<group>"; };
		15A8FA011B92E4D100E2F2F7 /* hofh circle.png */ = {isa = PBXFileReference; lastKnownFileType = image.png; name = "hofh circle.png"; path = "../../../../Desktop/hofh circle.png"; sourceTree = "<group>"; };
		15A8FA021B92E4D100E2F2F7 /* hearing circle.png */ = {isa = PBXFileReference; lastKnownFileType = image.png; name = "hearing circle.png"; path = "../../../../Desktop/hearing circle.png"; sourceTree = "<group>"; };
		15A8FA031B92E4D100E2F2F7 /* deaf circle.png */ = {isa = PBXFileReference; lastKnownFileType = image.png; name = "deaf circle.png"; path = "../../../../Desktop/deaf circle.png"; sourceTree = "<group>"; };
		15A8FA071B92EFC100E2F2F7 /* Male Circle.png */ = {isa = PBXFileReference; lastKnownFileType = image.png; name = "Male Circle.png"; path = "../../../../Desktop/Male Circle.png"; sourceTree = "<group>"; };
		15A8FA081B92EFC100E2F2F7 /* Female Circle.png */ = {isa = PBXFileReference; lastKnownFileType = image.png; name = "Female Circle.png"; path = "../../../../Desktop/Female Circle.png"; sourceTree = "<group>"; };
		15A8FA091B92EFC100E2F2F7 /* Any.png */ = {isa = PBXFileReference; lastKnownFileType = image.png; name = Any.png; path = ../../../../Desktop/Any.png; sourceTree = "<group>"; };
		15A8FA0D1B953CA900E2F2F7 /* clear rectangle.png */ = {isa = PBXFileReference; lastKnownFileType = image.png; name = "clear rectangle.png"; path = "../../../../Desktop/clear rectangle.png"; sourceTree = "<group>"; };
		15A8FA0F1B953DBA00E2F2F7 /* Poor Quality Filled-50 copy.png */ = {isa = PBXFileReference; lastKnownFileType = image.png; name = "Poor Quality Filled-50 copy.png"; path = "../../../../Desktop/Poor Quality Filled-50 copy.png"; sourceTree = "<group>"; };
		15A8FA111B9546E400E2F2F7 /* FB login with.png */ = {isa = PBXFileReference; lastKnownFileType = image.png; name = "FB login with.png"; path = "../../../../Desktop/FB login with.png"; sourceTree = "<group>"; };
		15A8FA151B9554EC00E2F2F7 /* FB Login.png */ = {isa = PBXFileReference; lastKnownFileType = image.png; name = "FB Login.png"; path = "../../../../Desktop/FB Login.png"; sourceTree = "<group>"; };
		15BD07D41B72D47600E16CB1 /* Video Call-32.png */ = {isa = PBXFileReference; lastKnownFileType = image.png; name = "Video Call-32.png"; path = "../../../../Desktop/Video Call-32.png"; sourceTree = "<group>"; };
		15BD07D81B72DC1700E16CB1 /* IntroViewController.h */ = {isa = PBXFileReference; fileEncoding = 4; lastKnownFileType = sourcecode.c.h; path = IntroViewController.h; sourceTree = "<group>"; };
		15BD07D91B72DC1700E16CB1 /* IntroViewController.m */ = {isa = PBXFileReference; fileEncoding = 4; lastKnownFileType = sourcecode.c.objc; path = IntroViewController.m; sourceTree = "<group>"; };
		15E360D81B7BC54A0094A2C5 /* ContinueViewController.h */ = {isa = PBXFileReference; fileEncoding = 4; lastKnownFileType = sourcecode.c.h; path = ContinueViewController.h; sourceTree = "<group>"; };
		15E360D91B7BC54A0094A2C5 /* ContinueViewController.m */ = {isa = PBXFileReference; fileEncoding = 4; lastKnownFileType = sourcecode.c.objc; path = ContinueViewController.m; sourceTree = "<group>"; };
		15E3611C1B7C27EC0094A2C5 /* Base */ = {isa = PBXFileReference; lastKnownFileType = file.storyboard; name = Base; path = Base.lproj/Main.storyboard; sourceTree = "<group>"; };
		15E361431B7F92200094A2C5 /* Good Quality Filled-50.png */ = {isa = PBXFileReference; lastKnownFileType = image.png; name = "Good Quality Filled-50.png"; path = "../../../../Desktop/Good Quality Filled-50.png"; sourceTree = "<group>"; };
		15E361551B7F95560094A2C5 /* EditProfileViewController.h */ = {isa = PBXFileReference; fileEncoding = 4; lastKnownFileType = sourcecode.c.h; name = EditProfileViewController.h; path = ../EditProfileViewController.h; sourceTree = "<group>"; };
		15E361561B7F95560094A2C5 /* EditProfileViewController.m */ = {isa = PBXFileReference; fileEncoding = 4; lastKnownFileType = sourcecode.c.objc; name = EditProfileViewController.m; path = ../EditProfileViewController.m; sourceTree = "<group>"; };
		15E361581B7F98320094A2C5 /* SettingsViewController.h */ = {isa = PBXFileReference; fileEncoding = 4; lastKnownFileType = sourcecode.c.h; path = SettingsViewController.h; sourceTree = "<group>"; };
		15E361591B7F98320094A2C5 /* SettingsViewController.m */ = {isa = PBXFileReference; fileEncoding = 4; lastKnownFileType = sourcecode.c.objc; path = SettingsViewController.m; sourceTree = "<group>"; };
		15E361901B8426BF0094A2C5 /* UserViewController.h */ = {isa = PBXFileReference; fileEncoding = 4; lastKnownFileType = sourcecode.c.h; path = UserViewController.h; sourceTree = "<group>"; };
		15E361911B8426BF0094A2C5 /* UserViewController.m */ = {isa = PBXFileReference; fileEncoding = 4; lastKnownFileType = sourcecode.c.objc; path = UserViewController.m; sourceTree = "<group>"; };
		15E361981B855B0F0094A2C5 /* AVFoundation.framework */ = {isa = PBXFileReference; lastKnownFileType = wrapper.framework; name = AVFoundation.framework; path = System/Library/Frameworks/AVFoundation.framework; sourceTree = SDKROOT; };
		15E3619A1B855B1F0094A2C5 /* CoreMedia.framework */ = {isa = PBXFileReference; lastKnownFileType = wrapper.framework; name = CoreMedia.framework; path = System/Library/Frameworks/CoreMedia.framework; sourceTree = SDKROOT; };
		15E3619C1B855B300094A2C5 /* AssetsLibrary.framework */ = {isa = PBXFileReference; lastKnownFileType = wrapper.framework; name = AssetsLibrary.framework; path = System/Library/Frameworks/AssetsLibrary.framework; sourceTree = SDKROOT; };
		15E3619E1B855BA10094A2C5 /* Foundation.framework */ = {isa = PBXFileReference; lastKnownFileType = wrapper.framework; name = Foundation.framework; path = System/Library/Frameworks/Foundation.framework; sourceTree = SDKROOT; };
		15E361A01B8560620094A2C5 /* MessageUI.framework */ = {isa = PBXFileReference; lastKnownFileType = wrapper.framework; name = MessageUI.framework; path = System/Library/Frameworks/MessageUI.framework; sourceTree = SDKROOT; };
		15E361A41B8597DB0094A2C5 /* Intro.h */ = {isa = PBXFileReference; fileEncoding = 4; lastKnownFileType = sourcecode.c.h; path = Intro.h; sourceTree = "<group>"; };
		15E361A51B8597DC0094A2C5 /* Intro.m */ = {isa = PBXFileReference; fileEncoding = 4; lastKnownFileType = sourcecode.c.objc; path = Intro.m; sourceTree = "<group>"; };
		15E361AC1B85A2CD0094A2C5 /* Bolts.framework */ = {isa = PBXFileReference; lastKnownFileType = wrapper.framework; name = Bolts.framework; path = "../../../../Downloads/parse-library-1/Bolts.framework"; sourceTree = "<group>"; };
		15E361AD1B85A2CD0094A2C5 /* Parse.framework */ = {isa = PBXFileReference; lastKnownFileType = wrapper.framework; name = Parse.framework; path = "../../../../Downloads/parse-library-1/Parse.framework"; sourceTree = "<group>"; };
		15E361B01B85A2E90094A2C5 /* AudioToolbox.framework */ = {isa = PBXFileReference; lastKnownFileType = wrapper.framework; name = AudioToolbox.framework; path = System/Library/Frameworks/AudioToolbox.framework; sourceTree = SDKROOT; };
		15E361B21B85A2F30094A2C5 /* CFNetwork.framework */ = {isa = PBXFileReference; lastKnownFileType = wrapper.framework; name = CFNetwork.framework; path = System/Library/Frameworks/CFNetwork.framework; sourceTree = SDKROOT; };
		15E361B41B85A2FC0094A2C5 /* CoreGraphics.framework */ = {isa = PBXFileReference; lastKnownFileType = wrapper.framework; name = CoreGraphics.framework; path = System/Library/Frameworks/CoreGraphics.framework; sourceTree = SDKROOT; };
		15E361B61B85A30C0094A2C5 /* CoreLocation.framework */ = {isa = PBXFileReference; lastKnownFileType = wrapper.framework; name = CoreLocation.framework; path = System/Library/Frameworks/CoreLocation.framework; sourceTree = SDKROOT; };
		15E361B81B85A34F0094A2C5 /* Security.framework */ = {isa = PBXFileReference; lastKnownFileType = wrapper.framework; name = Security.framework; path = System/Library/Frameworks/Security.framework; sourceTree = SDKROOT; };
		15E361BA1B85A3600094A2C5 /* StoreKit.framework */ = {isa = PBXFileReference; lastKnownFileType = wrapper.framework; name = StoreKit.framework; path = System/Library/Frameworks/StoreKit.framework; sourceTree = SDKROOT; };
		15E361BC1B85A36E0094A2C5 /* SystemConfiguration.framework */ = {isa = PBXFileReference; lastKnownFileType = wrapper.framework; name = SystemConfiguration.framework; path = System/Library/Frameworks/SystemConfiguration.framework; sourceTree = SDKROOT; };
		15E361BE1B85A37A0094A2C5 /* libz.dylib */ = {isa = PBXFileReference; lastKnownFileType = "compiled.mach-o.dylib"; name = libz.dylib; path = usr/lib/libz.dylib; sourceTree = SDKROOT; };
		15E361C01B85A3890094A2C5 /* libsqlite3.dylib */ = {isa = PBXFileReference; lastKnownFileType = "compiled.mach-o.dylib"; name = libsqlite3.dylib; path = usr/lib/libsqlite3.dylib; sourceTree = SDKROOT; };
		15E361C21B85A3C30094A2C5 /* Accounts.framework */ = {isa = PBXFileReference; lastKnownFileType = wrapper.framework; name = Accounts.framework; path = System/Library/Frameworks/Accounts.framework; sourceTree = SDKROOT; };
		15E361C41B85A3CC0094A2C5 /* Social.framework */ = {isa = PBXFileReference; lastKnownFileType = wrapper.framework; name = Social.framework; path = System/Library/Frameworks/Social.framework; sourceTree = SDKROOT; };
		15E361C61B86ADB60094A2C5 /* MessagesTableViewController.h */ = {isa = PBXFileReference; fileEncoding = 4; lastKnownFileType = sourcecode.c.h; path = MessagesTableViewController.h; sourceTree = "<group>"; };
		15E361C71B86ADB60094A2C5 /* MessagesTableViewController.m */ = {isa = PBXFileReference; fileEncoding = 4; lastKnownFileType = sourcecode.c.objc; path = MessagesTableViewController.m; sourceTree = "<group>"; };
		15E361C91B86B5F90094A2C5 /* MessageTableViewCell.h */ = {isa = PBXFileReference; fileEncoding = 4; lastKnownFileType = sourcecode.c.h; path = MessageTableViewCell.h; sourceTree = "<group>"; };
		15E361CA1B86B5F90094A2C5 /* MessageTableViewCell.m */ = {isa = PBXFileReference; fileEncoding = 4; lastKnownFileType = sourcecode.c.objc; path = MessageTableViewCell.m; sourceTree = "<group>"; };
/* End PBXFileReference section */

/* Begin PBXFrameworksBuildPhase section */
		151976A11B727DB600E03E48 /* Frameworks */ = {
			isa = PBXFrameworksBuildPhase;
			buildActionMask = 2147483647;
			files = (
				15E361A11B8560620094A2C5 /* MessageUI.framework in Frameworks */,
				15E361C51B85A3CC0094A2C5 /* Social.framework in Frameworks */,
				1514A6A21B8BA2E90098CAD5 /* FBSDKLoginKit.framework in Frameworks */,
				15E361C31B85A3C30094A2C5 /* Accounts.framework in Frameworks */,
				15E361C11B85A3890094A2C5 /* libsqlite3.dylib in Frameworks */,
				15E361BF1B85A37A0094A2C5 /* libz.dylib in Frameworks */,
				15E361BD1B85A36E0094A2C5 /* SystemConfiguration.framework in Frameworks */,
				15E361BB1B85A3600094A2C5 /* StoreKit.framework in Frameworks */,
				15E361B91B85A34F0094A2C5 /* Security.framework in Frameworks */,
				1514A6A11B8BA2E90098CAD5 /* FBSDKCoreKit.framework in Frameworks */,
				15E361B71B85A30C0094A2C5 /* CoreLocation.framework in Frameworks */,
				15E361B51B85A2FC0094A2C5 /* CoreGraphics.framework in Frameworks */,
				15E361B31B85A2F30094A2C5 /* CFNetwork.framework in Frameworks */,
				15E361B11B85A2E90094A2C5 /* AudioToolbox.framework in Frameworks */,
				15E3619F1B855BA10094A2C5 /* Foundation.framework in Frameworks */,
				15E3619D1B855B300094A2C5 /* AssetsLibrary.framework in Frameworks */,
				15E3619B1B855B1F0094A2C5 /* CoreMedia.framework in Frameworks */,
				1514A6A41B8BA2FD0098CAD5 /* FBSDKShareKit.framework in Frameworks */,
				15E361991B855B0F0094A2C5 /* AVFoundation.framework in Frameworks */,
				15E361AF1B85A2CD0094A2C5 /* Parse.framework in Frameworks */,
				15E361AE1B85A2CD0094A2C5 /* Bolts.framework in Frameworks */,
			);
			runOnlyForDeploymentPostprocessing = 0;
		};
		151976BA1B727DB600E03E48 /* Frameworks */ = {
			isa = PBXFrameworksBuildPhase;
			buildActionMask = 2147483647;
			files = (
			);
			runOnlyForDeploymentPostprocessing = 0;
		};
/* End PBXFrameworksBuildPhase section */

/* Begin PBXGroup section */
		1519769B1B727DB600E03E48 = {
			isa = PBXGroup;
			children = (
				1514A6A91B8BAA2C0098CAD5 /* Speech Bubble Filled-50.png */,
				1514A6AA1B8BAA2C0098CAD5 /* Camera-32.png */,
				151976A61B727DB600E03E48 /* ASLfishies */,
				151976C01B727DB600E03E48 /* ASLfishiesTests */,
				151976A51B727DB600E03E48 /* Products */,
			);
			sourceTree = "<group>";
		};
		151976A51B727DB600E03E48 /* Products */ = {
			isa = PBXGroup;
			children = (
				151976A41B727DB600E03E48 /* ASLfish.app */,
				151976BD1B727DB600E03E48 /* ASLfishTests.xctest */,
			);
			name = Products;
			sourceTree = "<group>";
		};
		151976A61B727DB600E03E48 /* ASLfishies */ = {
			isa = PBXGroup;
			children = (
				15E3611B1B7C27EC0094A2C5 /* Main.storyboard */,
				151976AB1B727DB600E03E48 /* AppDelegate.h */,
				151976AC1B727DB600E03E48 /* AppDelegate.m */,
				151976AE1B727DB600E03E48 /* ViewController.h */,
				151976AF1B727DB600E03E48 /* ViewController.m */,
				15BD07D81B72DC1700E16CB1 /* IntroViewController.h */,
				15BD07D91B72DC1700E16CB1 /* IntroViewController.m */,
				15E361A41B8597DB0094A2C5 /* Intro.h */,
				15E361A51B8597DC0094A2C5 /* Intro.m */,
				15E360D81B7BC54A0094A2C5 /* ContinueViewController.h */,
				15E360D91B7BC54A0094A2C5 /* ContinueViewController.m */,
				15E361901B8426BF0094A2C5 /* UserViewController.h */,
				15E361911B8426BF0094A2C5 /* UserViewController.m */,
				15E361C61B86ADB60094A2C5 /* MessagesTableViewController.h */,
				15E361C71B86ADB60094A2C5 /* MessagesTableViewController.m */,
				15E361C91B86B5F90094A2C5 /* MessageTableViewCell.h */,
				15E361CA1B86B5F90094A2C5 /* MessageTableViewCell.m */,
				15E361551B7F95560094A2C5 /* EditProfileViewController.h */,
				15E361561B7F95560094A2C5 /* EditProfileViewController.m */,
				15E361581B7F98320094A2C5 /* SettingsViewController.h */,
				15E361591B7F98320094A2C5 /* SettingsViewController.m */,
				151976B41B727DB600E03E48 /* Images.xcassets */,
				15CEBADC1B88FEF30074F2CD /* Images */,
				151976B61B727DB600E03E48 /* LaunchScreen.xib */,
				15E361A71B859E100094A2C5 /* Parse */,
				15E361971B855A5A0094A2C5 /* Frameworks */,
				151976A71B727DB600E03E48 /* Supporting Files */,
			);
			path = ASLfishies;
			sourceTree = "<group>";
		};
		151976A71B727DB600E03E48 /* Supporting Files */ = {
			isa = PBXGroup;
			children = (
				151976A81B727DB600E03E48 /* Info.plist */,
				151976A91B727DB600E03E48 /* main.m */,
			);
			name = "Supporting Files";
			sourceTree = "<group>";
		};
		151976C01B727DB600E03E48 /* ASLfishiesTests */ = {
			isa = PBXGroup;
			children = (
				151976C31B727DB600E03E48 /* ASLfishiesTests.m */,
				151976C11B727DB600E03E48 /* Supporting Files */,
			);
			path = ASLfishiesTests;
			sourceTree = "<group>";
		};
		151976C11B727DB600E03E48 /* Supporting Files */ = {
			isa = PBXGroup;
			children = (
				151976C21B727DB600E03E48 /* Info.plist */,
			);
			name = "Supporting Files";
			sourceTree = "<group>";
		};
		15CEBADC1B88FEF30074F2CD /* Images */ = {
			isa = PBXGroup;
			children = (
				15A8FA111B9546E400E2F2F7 /* FB login with.png */,
				15A8FA151B9554EC00E2F2F7 /* FB Login.png */,
				15A8FA0D1B953CA900E2F2F7 /* clear rectangle.png */,
				15A8FA071B92EFC100E2F2F7 /* Male Circle.png */,
				15A8FA081B92EFC100E2F2F7 /* Female Circle.png */,
				15A8FA091B92EFC100E2F2F7 /* Any.png */,
				15A8FA011B92E4D100E2F2F7 /* hofh circle.png */,
				15A8FA021B92E4D100E2F2F7 /* hearing circle.png */,
				15A8FA031B92E4D100E2F2F7 /* deaf circle.png */,
				15A8F9EF1B92D40A00E2F2F7 /* Hearing Aid-50.png */,
				15A8F9ED1B92D36C00E2F2F7 /* Not Hearing-50 copy.png */,
				15A8F9F51B92DE0200E2F2F7 /* Fluent Circle.png */,
				15A8F9F61B92DE0200E2F2F7 /* Beginning Circle.png */,
				15A8F9F71B92DE0200E2F2F7 /* Average Circle.png */,
				15A8FA0F1B953DBA00E2F2F7 /* Poor Quality Filled-50 copy.png */,
				15A8F9EB1B92D36600E2F2F7 /* Hearing-50-2.png */,
				15A8F9A61B8FE69A00E2F2F7 /* iTunesArtwork@3x.png */,
				15A8F9E91B92D2FB00E2F2F7 /* blank rectangle.png */,
				1514A6A71B8BA97C0098CAD5 /* Camera-32.png */,
				15834C651B88D53C009AB9B6 /* Group.png */,
				15A8F9F11B92D87200E2F2F7 /* User Female-50 copy.png */,
				15834B7C1B87B135009AB9B6 /* iPhone 6.png */,
				15A8F9F31B92D87900E2F2F7 /* User Male-50 copy.png */,
				15A8F9A81B8FE74900E2F2F7 /* ASLfishlogo.png */,
				15834C5A1B87B372009AB9B6 /* deafguy.jpg */,
				15E361431B7F92200094A2C5 /* Good Quality Filled-50.png */,
				15834C151B87B366009AB9B6 /* Good Quality-50.png */,
				15834C2D1B87B367009AB9B6 /* Hearing-50.png */,
				15834C1B1B87B366009AB9B6 /* User Female-50.png */,
				15834C301B87B367009AB9B6 /* User Male-50.png */,
				15834C611B88C73B009AB9B6 /* Poor Quality-50.png */,
				15BD07D41B72D47600E16CB1 /* Video Call-32.png */,
				151976D21B727E4800E03E48 /* Settings-32-2.png */,
				15834C1E1B87B366009AB9B6 /* Gender Neutral User-50.png */,
				15834C2F1B87B367009AB9B6 /* Gender Neutral User-32.png */,
				15834C191B87B366009AB9B6 /* Home-32 copy 2.png */,
				15834C251B87B366009AB9B6 /* Home-50-2.png */,
				15834C261B87B366009AB9B6 /* Home-32.png */,
				15834C341B87B367009AB9B6 /* Home-32 copy.png */,
				15834C181B87B366009AB9B6 /* lightgrayCheckbox.png */,
				15834C1A1B87B366009AB9B6 /* lightgrayUnCheckbox.png */,
				151976DE1B727E4800E03E48 /* Unchecked Checkbox-50.png */,
				15834C571B87B372009AB9B6 /* Checked Checkbox-50.png */,
				15834C581B87B372009AB9B6 /* Checked Checkbox 2-64.png */,
				1514A69B1B8B9B1E0098CAD5 /* Unchecked Checkbox-64.png */,
				15834C5F1B88C638009AB9B6 /* Speech Bubble-32.png */,
				15834C281B87B367009AB9B6 /* Speech Bubble-50.png */,
				1514A6A51B8BA92C0098CAD5 /* Speech Bubble Filled-50.png */,
			);
			name = Images;
			sourceTree = "<group>";
		};
		15E361971B855A5A0094A2C5 /* Frameworks */ = {
			isa = PBXGroup;
			children = (
				1514A6A31B8BA2FD0098CAD5 /* FBSDKShareKit.framework */,
				1514A69F1B8BA2E90098CAD5 /* FBSDKCoreKit.framework */,
				1514A6A01B8BA2E90098CAD5 /* FBSDKLoginKit.framework */,
				15E361A01B8560620094A2C5 /* MessageUI.framework */,
				15E3619E1B855BA10094A2C5 /* Foundation.framework */,
				15E3619C1B855B300094A2C5 /* AssetsLibrary.framework */,
				15E3619A1B855B1F0094A2C5 /* CoreMedia.framework */,
				15E361981B855B0F0094A2C5 /* AVFoundation.framework */,
			);
			name = Frameworks;
			sourceTree = "<group>";
		};
		15E361A71B859E100094A2C5 /* Parse */ = {
			isa = PBXGroup;
			children = (
				15E361C41B85A3CC0094A2C5 /* Social.framework */,
				15E361C21B85A3C30094A2C5 /* Accounts.framework */,
				15E361C01B85A3890094A2C5 /* libsqlite3.dylib */,
				15E361BE1B85A37A0094A2C5 /* libz.dylib */,
				15E361BC1B85A36E0094A2C5 /* SystemConfiguration.framework */,
				15E361BA1B85A3600094A2C5 /* StoreKit.framework */,
				15E361B81B85A34F0094A2C5 /* Security.framework */,
				15E361B61B85A30C0094A2C5 /* CoreLocation.framework */,
				15E361B41B85A2FC0094A2C5 /* CoreGraphics.framework */,
				15E361B21B85A2F30094A2C5 /* CFNetwork.framework */,
				15E361B01B85A2E90094A2C5 /* AudioToolbox.framework */,
				15E361AC1B85A2CD0094A2C5 /* Bolts.framework */,
				15E361AD1B85A2CD0094A2C5 /* Parse.framework */,
			);
			name = Parse;
			sourceTree = "<group>";
		};
/* End PBXGroup section */

/* Begin PBXNativeTarget section */
		151976A31B727DB600E03E48 /* ASLfish */ = {
			isa = PBXNativeTarget;
			buildConfigurationList = 151976C71B727DB600E03E48 /* Build configuration list for PBXNativeTarget "ASLfish" */;
			buildPhases = (
				151976A01B727DB600E03E48 /* Sources */,
				151976A11B727DB600E03E48 /* Frameworks */,
				151976A21B727DB600E03E48 /* Resources */,
			);
			buildRules = (
			);
			dependencies = (
			);
			name = ASLfish;
			productName = ASLfishies;
			productReference = 151976A41B727DB600E03E48 /* ASLfish.app */;
			productType = "com.apple.product-type.application";
		};
		151976BC1B727DB600E03E48 /* ASLfishTests */ = {
			isa = PBXNativeTarget;
			buildConfigurationList = 151976CA1B727DB600E03E48 /* Build configuration list for PBXNativeTarget "ASLfishTests" */;
			buildPhases = (
				151976B91B727DB600E03E48 /* Sources */,
				151976BA1B727DB600E03E48 /* Frameworks */,
				151976BB1B727DB600E03E48 /* Resources */,
			);
			buildRules = (
			);
			dependencies = (
				151976BF1B727DB600E03E48 /* PBXTargetDependency */,
			);
			name = ASLfishTests;
			productName = ASLfishiesTests;
			productReference = 151976BD1B727DB600E03E48 /* ASLfishTests.xctest */;
			productType = "com.apple.product-type.bundle.unit-test";
		};
/* End PBXNativeTarget section */

/* Begin PBXProject section */
		1519769C1B727DB600E03E48 /* Project object */ = {
			isa = PBXProject;
			attributes = {
				LastUpgradeCheck = 0700;
				ORGANIZATIONNAME = "Chris Wood";
				TargetAttributes = {
					151976A31B727DB600E03E48 = {
						CreatedOnToolsVersion = 6.4;
						DevelopmentTeam = X9U88NEA78;
						SystemCapabilities = {
							com.apple.ApplicationGroups.iOS = {
								enabled = 0;
							};
						};
					};
					151976BC1B727DB600E03E48 = {
						CreatedOnToolsVersion = 6.4;
						TestTargetID = 151976A31B727DB600E03E48;
					};
				};
			};
			buildConfigurationList = 1519769F1B727DB600E03E48 /* Build configuration list for PBXProject "ASLfish" */;
			compatibilityVersion = "Xcode 3.2";
			developmentRegion = English;
			hasScannedForEncodings = 0;
			knownRegions = (
				en,
				Base,
			);
			mainGroup = 1519769B1B727DB600E03E48;
			productRefGroup = 151976A51B727DB600E03E48 /* Products */;
			projectDirPath = "";
			projectRoot = "";
			targets = (
				151976A31B727DB600E03E48 /* ASLfish */,
				151976BC1B727DB600E03E48 /* ASLfishTests */,
			);
		};
/* End PBXProject section */

/* Begin PBXResourcesBuildPhase section */
		151976A21B727DB600E03E48 /* Resources */ = {
			isa = PBXResourcesBuildPhase;
			buildActionMask = 2147483647;
			files = (
				1514A6A61B8BA92C0098CAD5 /* Speech Bubble Filled-50.png in Resources */,
				15A8FA121B9546E400E2F2F7 /* FB login with.png in Resources */,
				15A8FA161B9554EC00E2F2F7 /* FB Login.png in Resources */,
				1514A6A81B8BA97C0098CAD5 /* Camera-32.png in Resources */,
				15A8FA051B92E4D100E2F2F7 /* hearing circle.png in Resources */,
				15834C3F1B87B367009AB9B6 /* Gender Neutral User-50.png in Resources */,
				15834C621B88C73B009AB9B6 /* Poor Quality-50.png in Resources */,
				15BD07D51B72D47600E16CB1 /* Video Call-32.png in Resources */,
				15834C391B87B367009AB9B6 /* lightgrayCheckbox.png in Resources */,
				15A8F9FA1B92DE0200E2F2F7 /* Average Circle.png in Resources */,
				15A8FA0B1B92EFC100E2F2F7 /* Female Circle.png in Resources */,
				15A8FA0C1B92EFC100E2F2F7 /* Any.png in Resources */,
				15A8F9F41B92D87900E2F2F7 /* User Male-50 copy.png in Resources */,
				15A8F9EE1B92D36C00E2F2F7 /* Not Hearing-50 copy.png in Resources */,
				15834C5E1B87B372009AB9B6 /* deafguy.jpg in Resources */,
				15E361451B7F92200094A2C5 /* Good Quality Filled-50.png in Resources */,
				15A8FA0A1B92EFC100E2F2F7 /* Male Circle.png in Resources */,
				15834C471B87B367009AB9B6 /* Home-32.png in Resources */,
				15A8F9F21B92D87200E2F2F7 /* User Female-50 copy.png in Resources */,
				15A8F9F01B92D40A00E2F2F7 /* Hearing Aid-50.png in Resources */,
				15A8FA0E1B953CA900E2F2F7 /* clear rectangle.png in Resources */,
				151976B81B727DB600E03E48 /* LaunchScreen.xib in Resources */,
				15A8F9EC1B92D36600E2F2F7 /* Hearing-50-2.png in Resources */,
				15834C4E1B87B367009AB9B6 /* Hearing-50.png in Resources */,
				15834C501B87B367009AB9B6 /* Gender Neutral User-32.png in Resources */,
				15834C3A1B87B367009AB9B6 /* Home-32 copy 2.png in Resources */,
				15E3611D1B7C27EC0094A2C5 /* Main.storyboard in Resources */,
				15834C511B87B367009AB9B6 /* User Male-50.png in Resources */,
				15A8FA101B953DBA00E2F2F7 /* Poor Quality Filled-50 copy.png in Resources */,
				15A8F9F81B92DE0200E2F2F7 /* Fluent Circle.png in Resources */,
				1514A69C1B8B9B1E0098CAD5 /* Unchecked Checkbox-64.png in Resources */,
				15A8FA041B92E4D100E2F2F7 /* hofh circle.png in Resources */,
				15834C361B87B367009AB9B6 /* Good Quality-50.png in Resources */,
				151976F01B727E4800E03E48 /* Unchecked Checkbox-50.png in Resources */,
				15834C3C1B87B367009AB9B6 /* User Female-50.png in Resources */,
				15A8F9EA1B92D2FB00E2F2F7 /* blank rectangle.png in Resources */,
				15834B7D1B87B135009AB9B6 /* iPhone 6.png in Resources */,
				15A8F9A71B8FE69A00E2F2F7 /* iTunesArtwork@3x.png in Resources */,
				15834C461B87B367009AB9B6 /* Home-50-2.png in Resources */,
				15834C5C1B87B372009AB9B6 /* Checked Checkbox 2-64.png in Resources */,
				15834C601B88C638009AB9B6 /* Speech Bubble-32.png in Resources */,
				15A8F9F91B92DE0200E2F2F7 /* Beginning Circle.png in Resources */,
				15834C491B87B367009AB9B6 /* Speech Bubble-50.png in Resources */,
				15A8FA061B92E4D100E2F2F7 /* deaf circle.png in Resources */,
				15834C5B1B87B372009AB9B6 /* Checked Checkbox-50.png in Resources */,
				151976B51B727DB600E03E48 /* Images.xcassets in Resources */,
				15834C3B1B87B367009AB9B6 /* lightgrayUnCheckbox.png in Resources */,
				15A8F9A91B8FE74900E2F2F7 /* ASLfishlogo.png in Resources */,
				15834C661B88D53C009AB9B6 /* Group.png in Resources */,
				151976E41B727E4800E03E48 /* Settings-32-2.png in Resources */,
				15834C551B87B367009AB9B6 /* Home-32 copy.png in Resources */,
			);
			runOnlyForDeploymentPostprocessing = 0;
		};
		151976BB1B727DB600E03E48 /* Resources */ = {
			isa = PBXResourcesBuildPhase;
			buildActionMask = 2147483647;
			files = (
			);
			runOnlyForDeploymentPostprocessing = 0;
		};
/* End PBXResourcesBuildPhase section */

/* Begin PBXSourcesBuildPhase section */
		151976A01B727DB600E03E48 /* Sources */ = {
			isa = PBXSourcesBuildPhase;
			buildActionMask = 2147483647;
			files = (
				15E361A61B8597DC0094A2C5 /* Intro.m in Sources */,
				15E361CB1B86B5F90094A2C5 /* MessageTableViewCell.m in Sources */,
				151976B01B727DB600E03E48 /* ViewController.m in Sources */,
				15E361921B8426BF0094A2C5 /* UserViewController.m in Sources */,
				151976AD1B727DB600E03E48 /* AppDelegate.m in Sources */,
				15E360DA1B7BC54A0094A2C5 /* ContinueViewController.m in Sources */,
				15E3615A1B7F98320094A2C5 /* SettingsViewController.m in Sources */,
				151976AA1B727DB600E03E48 /* main.m in Sources */,
				15E361C81B86ADB60094A2C5 /* MessagesTableViewController.m in Sources */,
				15E361571B7F95560094A2C5 /* EditProfileViewController.m in Sources */,
				15BD07DA1B72DC1700E16CB1 /* IntroViewController.m in Sources */,
			);
			runOnlyForDeploymentPostprocessing = 0;
		};
		151976B91B727DB600E03E48 /* Sources */ = {
			isa = PBXSourcesBuildPhase;
			buildActionMask = 2147483647;
			files = (
				151976C41B727DB600E03E48 /* ASLfishiesTests.m in Sources */,
			);
			runOnlyForDeploymentPostprocessing = 0;
		};
/* End PBXSourcesBuildPhase section */

/* Begin PBXTargetDependency section */
		151976BF1B727DB600E03E48 /* PBXTargetDependency */ = {
			isa = PBXTargetDependency;
			target = 151976A31B727DB600E03E48 /* ASLfish */;
			targetProxy = 151976BE1B727DB600E03E48 /* PBXContainerItemProxy */;
		};
/* End PBXTargetDependency section */

/* Begin PBXVariantGroup section */
		151976B61B727DB600E03E48 /* LaunchScreen.xib */ = {
			isa = PBXVariantGroup;
			children = (
				151976B71B727DB600E03E48 /* Base */,
			);
			name = LaunchScreen.xib;
			sourceTree = "<group>";
		};
		15E3611B1B7C27EC0094A2C5 /* Main.storyboard */ = {
			isa = PBXVariantGroup;
			children = (
				15E3611C1B7C27EC0094A2C5 /* Base */,
			);
			name = Main.storyboard;
			sourceTree = "<group>";
		};
/* End PBXVariantGroup section */

/* Begin XCBuildConfiguration section */
		151976C51B727DB600E03E48 /* Debug */ = {
			isa = XCBuildConfiguration;
			buildSettings = {
				ALWAYS_SEARCH_USER_PATHS = NO;
				CLANG_CXX_LANGUAGE_STANDARD = "gnu++0x";
				CLANG_CXX_LIBRARY = "libc++";
				CLANG_ENABLE_MODULES = YES;
				CLANG_ENABLE_OBJC_ARC = YES;
				CLANG_WARN_BOOL_CONVERSION = YES;
				CLANG_WARN_CONSTANT_CONVERSION = YES;
				CLANG_WARN_DIRECT_OBJC_ISA_USAGE = YES_ERROR;
				CLANG_WARN_EMPTY_BODY = YES;
				CLANG_WARN_ENUM_CONVERSION = YES;
				CLANG_WARN_INT_CONVERSION = YES;
				CLANG_WARN_OBJC_ROOT_CLASS = YES_ERROR;
				CLANG_WARN_UNREACHABLE_CODE = YES;
				CLANG_WARN__DUPLICATE_METHOD_MATCH = YES;
				"CODE_SIGN_IDENTITY[sdk=iphoneos*]" = "iPhone Developer";
				COPY_PHASE_STRIP = NO;
				DEBUG_INFORMATION_FORMAT = "dwarf-with-dsym";
				ENABLE_STRICT_OBJC_MSGSEND = YES;
				ENABLE_TESTABILITY = YES;
				GCC_C_LANGUAGE_STANDARD = gnu99;
				GCC_DYNAMIC_NO_PIC = NO;
				GCC_NO_COMMON_BLOCKS = YES;
				GCC_OPTIMIZATION_LEVEL = 0;
				GCC_PREPROCESSOR_DEFINITIONS = (
					"DEBUG=1",
					"$(inherited)",
				);
				GCC_SYMBOLS_PRIVATE_EXTERN = NO;
				GCC_WARN_64_TO_32_BIT_CONVERSION = YES;
				GCC_WARN_ABOUT_RETURN_TYPE = YES_ERROR;
				GCC_WARN_UNDECLARED_SELECTOR = YES;
				GCC_WARN_UNINITIALIZED_AUTOS = YES_AGGRESSIVE;
				GCC_WARN_UNUSED_FUNCTION = YES;
				GCC_WARN_UNUSED_VARIABLE = YES;
				IPHONEOS_DEPLOYMENT_TARGET = 8.4;
				MTL_ENABLE_DEBUG_INFO = YES;
				ONLY_ACTIVE_ARCH = YES;
				SDKROOT = iphoneos;
				TARGETED_DEVICE_FAMILY = "1,2";
			};
			name = Debug;
		};
		151976C61B727DB600E03E48 /* Release */ = {
			isa = XCBuildConfiguration;
			buildSettings = {
				ALWAYS_SEARCH_USER_PATHS = NO;
				CLANG_CXX_LANGUAGE_STANDARD = "gnu++0x";
				CLANG_CXX_LIBRARY = "libc++";
				CLANG_ENABLE_MODULES = YES;
				CLANG_ENABLE_OBJC_ARC = YES;
				CLANG_WARN_BOOL_CONVERSION = YES;
				CLANG_WARN_CONSTANT_CONVERSION = YES;
				CLANG_WARN_DIRECT_OBJC_ISA_USAGE = YES_ERROR;
				CLANG_WARN_EMPTY_BODY = YES;
				CLANG_WARN_ENUM_CONVERSION = YES;
				CLANG_WARN_INT_CONVERSION = YES;
				CLANG_WARN_OBJC_ROOT_CLASS = YES_ERROR;
				CLANG_WARN_UNREACHABLE_CODE = YES;
				CLANG_WARN__DUPLICATE_METHOD_MATCH = YES;
				"CODE_SIGN_IDENTITY[sdk=iphoneos*]" = "iPhone Developer";
				COPY_PHASE_STRIP = NO;
				DEBUG_INFORMATION_FORMAT = "dwarf-with-dsym";
				ENABLE_NS_ASSERTIONS = NO;
				ENABLE_STRICT_OBJC_MSGSEND = YES;
				GCC_C_LANGUAGE_STANDARD = gnu99;
				GCC_NO_COMMON_BLOCKS = YES;
				GCC_WARN_64_TO_32_BIT_CONVERSION = YES;
				GCC_WARN_ABOUT_RETURN_TYPE = YES_ERROR;
				GCC_WARN_UNDECLARED_SELECTOR = YES;
				GCC_WARN_UNINITIALIZED_AUTOS = YES_AGGRESSIVE;
				GCC_WARN_UNUSED_FUNCTION = YES;
				GCC_WARN_UNUSED_VARIABLE = YES;
				IPHONEOS_DEPLOYMENT_TARGET = 8.4;
				MTL_ENABLE_DEBUG_INFO = NO;
				SDKROOT = iphoneos;
				TARGETED_DEVICE_FAMILY = "1,2";
				VALIDATE_PRODUCT = YES;
			};
			name = Release;
		};
		151976C81B727DB600E03E48 /* Debug */ = {
			isa = XCBuildConfiguration;
			buildSettings = {
				ASSETCATALOG_COMPILER_APPICON_NAME = AppIcon;
				ASSETCATALOG_COMPILER_LAUNCHIMAGE_NAME = LaunchImage;
				CODE_SIGN_ENTITLEMENTS = "";
				CODE_SIGN_IDENTITY = "iPhone Developer";
				"CODE_SIGN_IDENTITY[sdk=iphoneos*]" = "iPhone Developer";
				FRAMEWORK_SEARCH_PATHS = (
					"$(inherited)",
					/Users/caseywood/Documents/FacebookSDK,
					"/Users/caseywood/Downloads/parse-library-1-2",
					"/Users/caseywood/Downloads/parse-library-1",
					"$(PROJECT_DIR)",
				);
				INFOPLIST_FILE = ASLfishies/Info.plist;
				LD_RUNPATH_SEARCH_PATHS = "$(inherited) @executable_path/Frameworks";
				ONLY_ACTIVE_ARCH = YES;
				PRODUCT_BUNDLE_IDENTIFIER = "com.chriswood.$(PRODUCT_NAME:rfc1034identifier)";
				PRODUCT_NAME = ASLfish;
				PROVISIONING_PROFILE = "";
			};
			name = Debug;
		};
		151976C91B727DB600E03E48 /* Release */ = {
			isa = XCBuildConfiguration;
			buildSettings = {
				ASSETCATALOG_COMPILER_APPICON_NAME = AppIcon;
				ASSETCATALOG_COMPILER_LAUNCHIMAGE_NAME = LaunchImage;
				CODE_SIGN_ENTITLEMENTS = "";
				CODE_SIGN_IDENTITY = "iPhone Developer";
				"CODE_SIGN_IDENTITY[sdk=iphoneos*]" = "iPhone Developer";
				FRAMEWORK_SEARCH_PATHS = (
					"$(inherited)",
					/Users/caseywood/Documents/FacebookSDK,
					"/Users/caseywood/Downloads/parse-library-1-2",
					"/Users/caseywood/Downloads/parse-library-1",
					"$(PROJECT_DIR)",
				);
				INFOPLIST_FILE = ASLfishies/Info.plist;
				LD_RUNPATH_SEARCH_PATHS = "$(inherited) @executable_path/Frameworks";
				ONLY_ACTIVE_ARCH = YES;
				"OTHER_LDFLAGS[arch=*]" = "-force_load";
				OTHER_LIBTOOLFLAGS = "-force_load";
				PRODUCT_BUNDLE_IDENTIFIER = "com.chriswood.$(PRODUCT_NAME:rfc1034identifier)";
				PRODUCT_NAME = ASLfish;
				PROVISIONING_PROFILE = "";
			};
			name = Release;
		};
		151976CB1B727DB600E03E48 /* Debug */ = {
			isa = XCBuildConfiguration;
			buildSettings = {
				BUNDLE_LOADER = "$(TEST_HOST)";
				FRAMEWORK_SEARCH_PATHS = (
					"$(SDKROOT)/Developer/Library/Frameworks",
					"$(inherited)",
				);
				GCC_PREPROCESSOR_DEFINITIONS = (
					"DEBUG=1",
					"$(inherited)",
				);
				INFOPLIST_FILE = ASLfishiesTests/Info.plist;
				LD_RUNPATH_SEARCH_PATHS = "$(inherited) @executable_path/Frameworks @loader_path/Frameworks";
				PRODUCT_BUNDLE_IDENTIFIER = "com..$(PRODUCT_NAME:rfc1034identifier)";
				PRODUCT_NAME = ASLfishTests;
				TEST_HOST = "$(BUILT_PRODUCTS_DIR)/ASLfishies.app/ASLfishies";
			};
			name = Debug;
		};
		151976CC1B727DB600E03E48 /* Release */ = {
			isa = XCBuildConfiguration;
			buildSettings = {
				BUNDLE_LOADER = "$(TEST_HOST)";
				FRAMEWORK_SEARCH_PATHS = (
					"$(SDKROOT)/Developer/Library/Frameworks",
					"$(inherited)",
				);
				INFOPLIST_FILE = ASLfishiesTests/Info.plist;
				LD_RUNPATH_SEARCH_PATHS = "$(inherited) @executable_path/Frameworks @loader_path/Frameworks";
				PRODUCT_BUNDLE_IDENTIFIER = "com..$(PRODUCT_NAME:rfc1034identifier)";
				PRODUCT_NAME = ASLfishTests;
				TEST_HOST = "$(BUILT_PRODUCTS_DIR)/ASLfishies.app/ASLfishies";
			};
			name = Release;
		};
/* End XCBuildConfiguration section */

/* Begin XCConfigurationList section */
		1519769F1B727DB600E03E48 /* Build configuration list for PBXProject "ASLfish" */ = {
			isa = XCConfigurationList;
			buildConfigurations = (
				151976C51B727DB600E03E48 /* Debug */,
				151976C61B727DB600E03E48 /* Release */,
			);
			defaultConfigurationIsVisible = 0;
			defaultConfigurationName = Release;
		};
		151976C71B727DB600E03E48 /* Build configuration list for PBXNativeTarget "ASLfish" */ = {
			isa = XCConfigurationList;
			buildConfigurations = (
				151976C81B727DB600E03E48 /* Debug */,
				151976C91B727DB600E03E48 /* Release */,
			);
			defaultConfigurationIsVisible = 0;
			defaultConfigurationName = Release;
		};
		151976CA1B727DB600E03E48 /* Build configuration list for PBXNativeTarget "ASLfishTests" */ = {
			isa = XCConfigurationList;
			buildConfigurations = (
				151976CB1B727DB600E03E48 /* Debug */,
				151976CC1B727DB600E03E48 /* Release */,
			);
			defaultConfigurationIsVisible = 0;
			defaultConfigurationName = Release;
		};
/* End XCConfigurationList section */
	};
	rootObject = 1519769C1B727DB600E03E48 /* Project object */;
}
