// !$*UTF8*$!
{
	archiveVersion = 1;
	classes = {
	};
	objectVersion = 46;
	objects = {

/* Begin PBXBuildFile section */
		151976AA1B727DB600E03E48 /* main.m in Sources */ = {isa = PBXBuildFile; fileRef = 151976A91B727DB600E03E48 /* main.m */; };
		151976AD1B727DB600E03E48 /* AppDelegate.m in Sources */ = {isa = PBXBuildFile; fileRef = 151976AC1B727DB600E03E48 /* AppDelegate.m */; };
		151976B01B727DB600E03E48 /* ViewController.m in Sources */ = {isa = PBXBuildFile; fileRef = 151976AF1B727DB600E03E48 /* ViewController.m */; };
		151976B31B727DB600E03E48 /* Main.storyboard in Resources */ = {isa = PBXBuildFile; fileRef = 151976B11B727DB600E03E48 /* Main.storyboard */; };
		151976B51B727DB600E03E48 /* Images.xcassets in Resources */ = {isa = PBXBuildFile; fileRef = 151976B41B727DB600E03E48 /* Images.xcassets */; };
		151976B81B727DB600E03E48 /* LaunchScreen.xib in Resources */ = {isa = PBXBuildFile; fileRef = 151976B61B727DB600E03E48 /* LaunchScreen.xib */; };
		151976C41B727DB600E03E48 /* ASLfishiesTests.m in Sources */ = {isa = PBXBuildFile; fileRef = 151976C31B727DB600E03E48 /* ASLfishiesTests.m */; };
		151976CE1B727E2B00E03E48 /* Logo.png in Resources */ = {isa = PBXBuildFile; fileRef = 151976CD1B727E2B00E03E48 /* Logo.png */; };
		151976E11B727E4800E03E48 /* New Moon Filled-100.png in Resources */ = {isa = PBXBuildFile; fileRef = 151976CF1B727E4800E03E48 /* New Moon Filled-100.png */; };
		151976E21B727E4800E03E48 /* Full Moon-100-2.png in Resources */ = {isa = PBXBuildFile; fileRef = 151976D01B727E4800E03E48 /* Full Moon-100-2.png */; };
		151976E31B727E4800E03E48 /* Compact Camera-32.png in Resources */ = {isa = PBXBuildFile; fileRef = 151976D11B727E4800E03E48 /* Compact Camera-32.png */; };
		151976E41B727E4800E03E48 /* Settings-32-2.png in Resources */ = {isa = PBXBuildFile; fileRef = 151976D21B727E4800E03E48 /* Settings-32-2.png */; };
		151976E51B727E4800E03E48 /* Speech Bubble-32 copy.png in Resources */ = {isa = PBXBuildFile; fileRef = 151976D31B727E4800E03E48 /* Speech Bubble-32 copy.png */; };
		151976E61B727E4800E03E48 /* Gender Neutral User-32 copy.png in Resources */ = {isa = PBXBuildFile; fileRef = 151976D41B727E4800E03E48 /* Gender Neutral User-32 copy.png */; };
		151976E71B727E4800E03E48 /* Home-32 copy.png in Resources */ = {isa = PBXBuildFile; fileRef = 151976D51B727E4800E03E48 /* Home-32 copy.png */; };
		151976E81B727E4800E03E48 /* Home-50-2.png in Resources */ = {isa = PBXBuildFile; fileRef = 151976D61B727E4800E03E48 /* Home-50-2.png */; };
		151976E91B727E4800E03E48 /* Speech Bubble-50 copy.png in Resources */ = {isa = PBXBuildFile; fileRef = 151976D71B727E4800E03E48 /* Speech Bubble-50 copy.png */; };
		151976EA1B727E4800E03E48 /* Dislike-50 copy.png in Resources */ = {isa = PBXBuildFile; fileRef = 151976D81B727E4800E03E48 /* Dislike-50 copy.png */; };
		151976EB1B727E4800E03E48 /* Like-50 copy.png in Resources */ = {isa = PBXBuildFile; fileRef = 151976D91B727E4800E03E48 /* Like-50 copy.png */; };
		151976EC1B727E4800E03E48 /* Full Moon-64.png in Resources */ = {isa = PBXBuildFile; fileRef = 151976DA1B727E4800E03E48 /* Full Moon-64.png */; };
		151976ED1B727E4800E03E48 /* Dislike Filled-50.png in Resources */ = {isa = PBXBuildFile; fileRef = 151976DB1B727E4800E03E48 /* Dislike Filled-50.png */; };
		151976EE1B727E4800E03E48 /* Like Filled-50.png in Resources */ = {isa = PBXBuildFile; fileRef = 151976DC1B727E4800E03E48 /* Like Filled-50.png */; };
		151976EF1B727E4800E03E48 /* Checked Checkbox-50.png in Resources */ = {isa = PBXBuildFile; fileRef = 151976DD1B727E4800E03E48 /* Checked Checkbox-50.png */; };
		151976F01B727E4800E03E48 /* Unchecked Checkbox-50.png in Resources */ = {isa = PBXBuildFile; fileRef = 151976DE1B727E4800E03E48 /* Unchecked Checkbox-50.png */; };
		151976F11B727E4800E03E48 /* Unchecked Checkbox-64.png in Resources */ = {isa = PBXBuildFile; fileRef = 151976DF1B727E4800E03E48 /* Unchecked Checkbox-64.png */; };
		151976F21B727E4800E03E48 /* Checked Checkbox 2-64.png in Resources */ = {isa = PBXBuildFile; fileRef = 151976E01B727E4800E03E48 /* Checked Checkbox 2-64.png */; };
		15BD07D51B72D47600E16CB1 /* Video Call-32.png in Resources */ = {isa = PBXBuildFile; fileRef = 15BD07D41B72D47600E16CB1 /* Video Call-32.png */; };
		15BD07D71B72D69000E16CB1 /* Camera-50.png in Resources */ = {isa = PBXBuildFile; fileRef = 15BD07D61B72D69000E16CB1 /* Camera-50.png */; };
		15BD07DA1B72DC1700E16CB1 /* IntroViewController.m in Sources */ = {isa = PBXBuildFile; fileRef = 15BD07D91B72DC1700E16CB1 /* IntroViewController.m */; };
		15BD07DD1B72DC8000E16CB1 /* LevelsofDeafnessViewController.m in Sources */ = {isa = PBXBuildFile; fileRef = 15BD07DC1B72DC8000E16CB1 /* LevelsofDeafnessViewController.m */; };
		15BD07E01B72DC9700E16CB1 /* TypesViewController.m in Sources */ = {isa = PBXBuildFile; fileRef = 15BD07DF1B72DC9700E16CB1 /* TypesViewController.m */; };
		15BD07E31B72DCF200E16CB1 /* AgesRangeViewController.m in Sources */ = {isa = PBXBuildFile; fileRef = 15BD07E21B72DCF200E16CB1 /* AgesRangeViewController.m */; };
		15BD07E61B72DD1900E16CB1 /* AboutYouViewController.m in Sources */ = {isa = PBXBuildFile; fileRef = 15BD07E51B72DD1900E16CB1 /* AboutYouViewController.m */; };
		15BD07E91B72DD3900E16CB1 /* UploadPhotosViewController.m in Sources */ = {isa = PBXBuildFile; fileRef = 15BD07E81B72DD3900E16CB1 /* UploadPhotosViewController.m */; };
/* End PBXBuildFile section */

/* Begin PBXContainerItemProxy section */
		151976BE1B727DB600E03E48 /* PBXContainerItemProxy */ = {
			isa = PBXContainerItemProxy;
			containerPortal = 1519769C1B727DB600E03E48 /* Project object */;
			proxyType = 1;
			remoteGlobalIDString = 151976A31B727DB600E03E48;
			remoteInfo = ASLfishies;
		};
/* End PBXContainerItemProxy section */

/* Begin PBXFileReference section */
		151976A41B727DB600E03E48 /* ASLfishies.app */ = {isa = PBXFileReference; explicitFileType = wrapper.application; includeInIndex = 0; path = ASLfishies.app; sourceTree = BUILT_PRODUCTS_DIR; };
		151976A81B727DB600E03E48 /* Info.plist */ = {isa = PBXFileReference; lastKnownFileType = text.plist.xml; path = Info.plist; sourceTree = "<group>"; };
		151976A91B727DB600E03E48 /* main.m */ = {isa = PBXFileReference; lastKnownFileType = sourcecode.c.objc; path = main.m; sourceTree = "<group>"; };
		151976AB1B727DB600E03E48 /* AppDelegate.h */ = {isa = PBXFileReference; lastKnownFileType = sourcecode.c.h; path = AppDelegate.h; sourceTree = "<group>"; };
		151976AC1B727DB600E03E48 /* AppDelegate.m */ = {isa = PBXFileReference; lastKnownFileType = sourcecode.c.objc; path = AppDelegate.m; sourceTree = "<group>"; };
		151976AE1B727DB600E03E48 /* ViewController.h */ = {isa = PBXFileReference; lastKnownFileType = sourcecode.c.h; path = ViewController.h; sourceTree = "<group>"; };
		151976AF1B727DB600E03E48 /* ViewController.m */ = {isa = PBXFileReference; lastKnownFileType = sourcecode.c.objc; path = ViewController.m; sourceTree = "<group>"; };
		151976B21B727DB600E03E48 /* Base */ = {isa = PBXFileReference; lastKnownFileType = file.storyboard; name = Base; path = Base.lproj/Main.storyboard; sourceTree = "<group>"; };
		151976B41B727DB600E03E48 /* Images.xcassets */ = {isa = PBXFileReference; lastKnownFileType = folder.assetcatalog; path = Images.xcassets; sourceTree = "<group>"; };
		151976B71B727DB600E03E48 /* Base */ = {isa = PBXFileReference; lastKnownFileType = file.xib; name = Base; path = Base.lproj/LaunchScreen.xib; sourceTree = "<group>"; };
		151976BD1B727DB600E03E48 /* ASLfishiesTests.xctest */ = {isa = PBXFileReference; explicitFileType = wrapper.cfbundle; includeInIndex = 0; path = ASLfishiesTests.xctest; sourceTree = BUILT_PRODUCTS_DIR; };
		151976C21B727DB600E03E48 /* Info.plist */ = {isa = PBXFileReference; lastKnownFileType = text.plist.xml; path = Info.plist; sourceTree = "<group>"; };
		151976C31B727DB600E03E48 /* ASLfishiesTests.m */ = {isa = PBXFileReference; lastKnownFileType = sourcecode.c.objc; path = ASLfishiesTests.m; sourceTree = "<group>"; };
		151976CD1B727E2B00E03E48 /* Logo.png */ = {isa = PBXFileReference; lastKnownFileType = image.png; name = Logo.png; path = ../../../../Desktop/Logo.png; sourceTree = "<group>"; };
		151976CF1B727E4800E03E48 /* New Moon Filled-100.png */ = {isa = PBXFileReference; lastKnownFileType = image.png; name = "New Moon Filled-100.png"; path = "../../ASLfish/ASLfish/New Moon Filled-100.png"; sourceTree = "<group>"; };
		151976D01B727E4800E03E48 /* Full Moon-100-2.png */ = {isa = PBXFileReference; lastKnownFileType = image.png; name = "Full Moon-100-2.png"; path = "../../ASLfish/ASLfish/Full Moon-100-2.png"; sourceTree = "<group>"; };
		151976D11B727E4800E03E48 /* Compact Camera-32.png */ = {isa = PBXFileReference; lastKnownFileType = image.png; name = "Compact Camera-32.png"; path = "../../ASLfish/ASLfish/Compact Camera-32.png"; sourceTree = "<group>"; };
		151976D21B727E4800E03E48 /* Settings-32-2.png */ = {isa = PBXFileReference; lastKnownFileType = image.png; name = "Settings-32-2.png"; path = "../../ASLfish/ASLfish/Settings-32-2.png"; sourceTree = "<group>"; };
		151976D31B727E4800E03E48 /* Speech Bubble-32 copy.png */ = {isa = PBXFileReference; lastKnownFileType = image.png; name = "Speech Bubble-32 copy.png"; path = "../../ASLfish/ASLfish/Speech Bubble-32 copy.png"; sourceTree = "<group>"; };
		151976D41B727E4800E03E48 /* Gender Neutral User-32 copy.png */ = {isa = PBXFileReference; lastKnownFileType = image.png; name = "Gender Neutral User-32 copy.png"; path = "../../ASLfish/ASLfish/Gender Neutral User-32 copy.png"; sourceTree = "<group>"; };
		151976D51B727E4800E03E48 /* Home-32 copy.png */ = {isa = PBXFileReference; lastKnownFileType = image.png; name = "Home-32 copy.png"; path = "../../ASLfish/ASLfish/Home-32 copy.png"; sourceTree = "<group>"; };
		151976D61B727E4800E03E48 /* Home-50-2.png */ = {isa = PBXFileReference; lastKnownFileType = image.png; name = "Home-50-2.png"; path = "../../ASLfish/ASLfish/Home-50-2.png"; sourceTree = "<group>"; };
		151976D71B727E4800E03E48 /* Speech Bubble-50 copy.png */ = {isa = PBXFileReference; lastKnownFileType = image.png; name = "Speech Bubble-50 copy.png"; path = "../../ASLfish/ASLfish/Speech Bubble-50 copy.png"; sourceTree = "<group>"; };
		151976D81B727E4800E03E48 /* Dislike-50 copy.png */ = {isa = PBXFileReference; lastKnownFileType = image.png; name = "Dislike-50 copy.png"; path = "../../ASLfish/ASLfish/Dislike-50 copy.png"; sourceTree = "<group>"; };
		151976D91B727E4800E03E48 /* Like-50 copy.png */ = {isa = PBXFileReference; lastKnownFileType = image.png; name = "Like-50 copy.png"; path = "../../ASLfish/ASLfish/Like-50 copy.png"; sourceTree = "<group>"; };
		151976DA1B727E4800E03E48 /* Full Moon-64.png */ = {isa = PBXFileReference; lastKnownFileType = image.png; name = "Full Moon-64.png"; path = "../../ASLfish/ASLfish/Full Moon-64.png"; sourceTree = "<group>"; };
		151976DB1B727E4800E03E48 /* Dislike Filled-50.png */ = {isa = PBXFileReference; lastKnownFileType = image.png; name = "Dislike Filled-50.png"; path = "../../ASLfish/ASLfish/Dislike Filled-50.png"; sourceTree = "<group>"; };
		151976DC1B727E4800E03E48 /* Like Filled-50.png */ = {isa = PBXFileReference; lastKnownFileType = image.png; name = "Like Filled-50.png"; path = "../../ASLfish/ASLfish/Like Filled-50.png"; sourceTree = "<group>"; };
		151976DD1B727E4800E03E48 /* Checked Checkbox-50.png */ = {isa = PBXFileReference; lastKnownFileType = image.png; name = "Checked Checkbox-50.png"; path = "../../ASLfish/ASLfish/Checked Checkbox-50.png"; sourceTree = "<group>"; };
		151976DE1B727E4800E03E48 /* Unchecked Checkbox-50.png */ = {isa = PBXFileReference; lastKnownFileType = image.png; name = "Unchecked Checkbox-50.png"; path = "../../ASLfish/ASLfish/Unchecked Checkbox-50.png"; sourceTree = "<group>"; };
		151976DF1B727E4800E03E48 /* Unchecked Checkbox-64.png */ = {isa = PBXFileReference; lastKnownFileType = image.png; name = "Unchecked Checkbox-64.png"; path = "../../ASLfish/ASLfish/Unchecked Checkbox-64.png"; sourceTree = "<group>"; };
		151976E01B727E4800E03E48 /* Checked Checkbox 2-64.png */ = {isa = PBXFileReference; lastKnownFileType = image.png; name = "Checked Checkbox 2-64.png"; path = "../../ASLfish/ASLfish/Checked Checkbox 2-64.png"; sourceTree = "<group>"; };
		15BD07D41B72D47600E16CB1 /* Video Call-32.png */ = {isa = PBXFileReference; lastKnownFileType = image.png; name = "Video Call-32.png"; path = "../../../../Desktop/Video Call-32.png"; sourceTree = "<group>"; };
		15BD07D61B72D69000E16CB1 /* Camera-50.png */ = {isa = PBXFileReference; lastKnownFileType = image.png; name = "Camera-50.png"; path = "../../../../Desktop/Camera-50.png"; sourceTree = "<group>"; };
		15BD07D81B72DC1700E16CB1 /* IntroViewController.h */ = {isa = PBXFileReference; fileEncoding = 4; lastKnownFileType = sourcecode.c.h; path = IntroViewController.h; sourceTree = "<group>"; };
		15BD07D91B72DC1700E16CB1 /* IntroViewController.m */ = {isa = PBXFileReference; fileEncoding = 4; lastKnownFileType = sourcecode.c.objc; path = IntroViewController.m; sourceTree = "<group>"; };
		15BD07DB1B72DC8000E16CB1 /* LevelsofDeafnessViewController.h */ = {isa = PBXFileReference; fileEncoding = 4; lastKnownFileType = sourcecode.c.h; path = LevelsofDeafnessViewController.h; sourceTree = "<group>"; };
		15BD07DC1B72DC8000E16CB1 /* LevelsofDeafnessViewController.m */ = {isa = PBXFileReference; fileEncoding = 4; lastKnownFileType = sourcecode.c.objc; path = LevelsofDeafnessViewController.m; sourceTree = "<group>"; };
		15BD07DE1B72DC9700E16CB1 /* TypesViewController.h */ = {isa = PBXFileReference; fileEncoding = 4; lastKnownFileType = sourcecode.c.h; path = TypesViewController.h; sourceTree = "<group>"; };
		15BD07DF1B72DC9700E16CB1 /* TypesViewController.m */ = {isa = PBXFileReference; fileEncoding = 4; lastKnownFileType = sourcecode.c.objc; path = TypesViewController.m; sourceTree = "<group>"; };
		15BD07E11B72DCF200E16CB1 /* AgesRangeViewController.h */ = {isa = PBXFileReference; fileEncoding = 4; lastKnownFileType = sourcecode.c.h; path = AgesRangeViewController.h; sourceTree = "<group>"; };
		15BD07E21B72DCF200E16CB1 /* AgesRangeViewController.m */ = {isa = PBXFileReference; fileEncoding = 4; lastKnownFileType = sourcecode.c.objc; path = AgesRangeViewController.m; sourceTree = "<group>"; };
		15BD07E41B72DD1900E16CB1 /* AboutYouViewController.h */ = {isa = PBXFileReference; fileEncoding = 4; lastKnownFileType = sourcecode.c.h; path = AboutYouViewController.h; sourceTree = "<group>"; };
		15BD07E51B72DD1900E16CB1 /* AboutYouViewController.m */ = {isa = PBXFileReference; fileEncoding = 4; lastKnownFileType = sourcecode.c.objc; path = AboutYouViewController.m; sourceTree = "<group>"; };
		15BD07E71B72DD3900E16CB1 /* UploadPhotosViewController.h */ = {isa = PBXFileReference; fileEncoding = 4; lastKnownFileType = sourcecode.c.h; path = UploadPhotosViewController.h; sourceTree = "<group>"; };
		15BD07E81B72DD3900E16CB1 /* UploadPhotosViewController.m */ = {isa = PBXFileReference; fileEncoding = 4; lastKnownFileType = sourcecode.c.objc; path = UploadPhotosViewController.m; sourceTree = "<group>"; };
/* End PBXFileReference section */

/* Begin PBXFrameworksBuildPhase section */
		151976A11B727DB600E03E48 /* Frameworks */ = {
			isa = PBXFrameworksBuildPhase;
			buildActionMask = 2147483647;
			files = (
			);
			runOnlyForDeploymentPostprocessing = 0;
		};
		151976BA1B727DB600E03E48 /* Frameworks */ = {
			isa = PBXFrameworksBuildPhase;
			buildActionMask = 2147483647;
			files = (
			);
			runOnlyForDeploymentPostprocessing = 0;
		};
/* End PBXFrameworksBuildPhase section */

/* Begin PBXGroup section */
		1519769B1B727DB600E03E48 = {
			isa = PBXGroup;
			children = (
				151976A61B727DB600E03E48 /* ASLfishies */,
				151976C01B727DB600E03E48 /* ASLfishiesTests */,
				151976A51B727DB600E03E48 /* Products */,
			);
			sourceTree = "<group>";
		};
		151976A51B727DB600E03E48 /* Products */ = {
			isa = PBXGroup;
			children = (
				151976A41B727DB600E03E48 /* ASLfishies.app */,
				151976BD1B727DB600E03E48 /* ASLfishiesTests.xctest */,
			);
			name = Products;
			sourceTree = "<group>";
		};
		151976A61B727DB600E03E48 /* ASLfishies */ = {
			isa = PBXGroup;
			children = (
				151976AB1B727DB600E03E48 /* AppDelegate.h */,
				151976AC1B727DB600E03E48 /* AppDelegate.m */,
				151976AE1B727DB600E03E48 /* ViewController.h */,
				151976AF1B727DB600E03E48 /* ViewController.m */,
				151976B11B727DB600E03E48 /* Main.storyboard */,
				15BD07D81B72DC1700E16CB1 /* IntroViewController.h */,
				15BD07D91B72DC1700E16CB1 /* IntroViewController.m */,
				15BD07DB1B72DC8000E16CB1 /* LevelsofDeafnessViewController.h */,
				15BD07DC1B72DC8000E16CB1 /* LevelsofDeafnessViewController.m */,
				15BD07DE1B72DC9700E16CB1 /* TypesViewController.h */,
				15BD07DF1B72DC9700E16CB1 /* TypesViewController.m */,
				15BD07E11B72DCF200E16CB1 /* AgesRangeViewController.h */,
				15BD07E21B72DCF200E16CB1 /* AgesRangeViewController.m */,
				15BD07E41B72DD1900E16CB1 /* AboutYouViewController.h */,
				15BD07E51B72DD1900E16CB1 /* AboutYouViewController.m */,
				15BD07E71B72DD3900E16CB1 /* UploadPhotosViewController.h */,
				15BD07E81B72DD3900E16CB1 /* UploadPhotosViewController.m */,
				151976B41B727DB600E03E48 /* Images.xcassets */,
				15BD07D61B72D69000E16CB1 /* Camera-50.png */,
				15BD07D41B72D47600E16CB1 /* Video Call-32.png */,
				151976CF1B727E4800E03E48 /* New Moon Filled-100.png */,
				151976D01B727E4800E03E48 /* Full Moon-100-2.png */,
				151976D11B727E4800E03E48 /* Compact Camera-32.png */,
				151976D21B727E4800E03E48 /* Settings-32-2.png */,
				151976D31B727E4800E03E48 /* Speech Bubble-32 copy.png */,
				151976D41B727E4800E03E48 /* Gender Neutral User-32 copy.png */,
				151976D51B727E4800E03E48 /* Home-32 copy.png */,
				151976D61B727E4800E03E48 /* Home-50-2.png */,
				151976D71B727E4800E03E48 /* Speech Bubble-50 copy.png */,
				151976D81B727E4800E03E48 /* Dislike-50 copy.png */,
				151976D91B727E4800E03E48 /* Like-50 copy.png */,
				151976DA1B727E4800E03E48 /* Full Moon-64.png */,
				151976DB1B727E4800E03E48 /* Dislike Filled-50.png */,
				151976DC1B727E4800E03E48 /* Like Filled-50.png */,
				151976DD1B727E4800E03E48 /* Checked Checkbox-50.png */,
				151976DE1B727E4800E03E48 /* Unchecked Checkbox-50.png */,
				151976DF1B727E4800E03E48 /* Unchecked Checkbox-64.png */,
				151976E01B727E4800E03E48 /* Checked Checkbox 2-64.png */,
				151976CD1B727E2B00E03E48 /* Logo.png */,
				151976B61B727DB600E03E48 /* LaunchScreen.xib */,
				151976A71B727DB600E03E48 /* Supporting Files */,
			);
			path = ASLfishies;
			sourceTree = "<group>";
		};
		151976A71B727DB600E03E48 /* Supporting Files */ = {
			isa = PBXGroup;
			children = (
				151976A81B727DB600E03E48 /* Info.plist */,
				151976A91B727DB600E03E48 /* main.m */,
			);
			name = "Supporting Files";
			sourceTree = "<group>";
		};
		151976C01B727DB600E03E48 /* ASLfishiesTests */ = {
			isa = PBXGroup;
			children = (
				151976C31B727DB600E03E48 /* ASLfishiesTests.m */,
				151976C11B727DB600E03E48 /* Supporting Files */,
			);
			path = ASLfishiesTests;
			sourceTree = "<group>";
		};
		151976C11B727DB600E03E48 /* Supporting Files */ = {
			isa = PBXGroup;
			children = (
				151976C21B727DB600E03E48 /* Info.plist */,
			);
			name = "Supporting Files";
			sourceTree = "<group>";
		};
/* End PBXGroup section */

/* Begin PBXNativeTarget section */
		151976A31B727DB600E03E48 /* ASLfishies */ = {
			isa = PBXNativeTarget;
			buildConfigurationList = 151976C71B727DB600E03E48 /* Build configuration list for PBXNativeTarget "ASLfishies" */;
			buildPhases = (
				151976A01B727DB600E03E48 /* Sources */,
				151976A11B727DB600E03E48 /* Frameworks */,
				151976A21B727DB600E03E48 /* Resources */,
			);
			buildRules = (
			);
			dependencies = (
			);
			name = ASLfishies;
			productName = ASLfishies;
			productReference = 151976A41B727DB600E03E48 /* ASLfishies.app */;
			productType = "com.apple.product-type.application";
		};
		151976BC1B727DB600E03E48 /* ASLfishiesTests */ = {
			isa = PBXNativeTarget;
			buildConfigurationList = 151976CA1B727DB600E03E48 /* Build configuration list for PBXNativeTarget "ASLfishiesTests" */;
			buildPhases = (
				151976B91B727DB600E03E48 /* Sources */,
				151976BA1B727DB600E03E48 /* Frameworks */,
				151976BB1B727DB600E03E48 /* Resources */,
			);
			buildRules = (
			);
			dependencies = (
				151976BF1B727DB600E03E48 /* PBXTargetDependency */,
			);
			name = ASLfishiesTests;
			productName = ASLfishiesTests;
			productReference = 151976BD1B727DB600E03E48 /* ASLfishiesTests.xctest */;
			productType = "com.apple.product-type.bundle.unit-test";
		};
/* End PBXNativeTarget section */

/* Begin PBXProject section */
		1519769C1B727DB600E03E48 /* Project object */ = {
			isa = PBXProject;
			attributes = {
				LastUpgradeCheck = 0640;
				ORGANIZATIONNAME = "Chris Wood";
				TargetAttributes = {
					151976A31B727DB600E03E48 = {
						CreatedOnToolsVersion = 6.4;
						DevelopmentTeam = X9U88NEA78;
						SystemCapabilities = {
							com.apple.ApplicationGroups.iOS = {
								enabled = 0;
							};
						};
					};
					151976BC1B727DB600E03E48 = {
						CreatedOnToolsVersion = 6.4;
						TestTargetID = 151976A31B727DB600E03E48;
					};
				};
			};
			buildConfigurationList = 1519769F1B727DB600E03E48 /* Build configuration list for PBXProject "ASLfishies" */;
			compatibilityVersion = "Xcode 3.2";
			developmentRegion = English;
			hasScannedForEncodings = 0;
			knownRegions = (
				en,
				Base,
			);
			mainGroup = 1519769B1B727DB600E03E48;
			productRefGroup = 151976A51B727DB600E03E48 /* Products */;
			projectDirPath = "";
			projectRoot = "";
			targets = (
				151976A31B727DB600E03E48 /* ASLfishies */,
				151976BC1B727DB600E03E48 /* ASLfishiesTests */,
			);
		};
/* End PBXProject section */

/* Begin PBXResourcesBuildPhase section */
		151976A21B727DB600E03E48 /* Resources */ = {
			isa = PBXResourcesBuildPhase;
			buildActionMask = 2147483647;
			files = (
				151976CE1B727E2B00E03E48 /* Logo.png in Resources */,
				15BD07D51B72D47600E16CB1 /* Video Call-32.png in Resources */,
				151976B31B727DB600E03E48 /* Main.storyboard in Resources */,
				151976E81B727E4800E03E48 /* Home-50-2.png in Resources */,
				151976E61B727E4800E03E48 /* Gender Neutral User-32 copy.png in Resources */,
				151976B81B727DB600E03E48 /* LaunchScreen.xib in Resources */,
				151976E31B727E4800E03E48 /* Compact Camera-32.png in Resources */,
				151976EC1B727E4800E03E48 /* Full Moon-64.png in Resources */,
				151976F01B727E4800E03E48 /* Unchecked Checkbox-50.png in Resources */,
				151976ED1B727E4800E03E48 /* Dislike Filled-50.png in Resources */,
				151976E21B727E4800E03E48 /* Full Moon-100-2.png in Resources */,
				151976E91B727E4800E03E48 /* Speech Bubble-50 copy.png in Resources */,
				151976EE1B727E4800E03E48 /* Like Filled-50.png in Resources */,
				151976EA1B727E4800E03E48 /* Dislike-50 copy.png in Resources */,
				151976E71B727E4800E03E48 /* Home-32 copy.png in Resources */,
				151976E51B727E4800E03E48 /* Speech Bubble-32 copy.png in Resources */,
				151976B51B727DB600E03E48 /* Images.xcassets in Resources */,
				151976EB1B727E4800E03E48 /* Like-50 copy.png in Resources */,
				151976F11B727E4800E03E48 /* Unchecked Checkbox-64.png in Resources */,
				15BD07D71B72D69000E16CB1 /* Camera-50.png in Resources */,
				151976E41B727E4800E03E48 /* Settings-32-2.png in Resources */,
				151976F21B727E4800E03E48 /* Checked Checkbox 2-64.png in Resources */,
				151976E11B727E4800E03E48 /* New Moon Filled-100.png in Resources */,
				151976EF1B727E4800E03E48 /* Checked Checkbox-50.png in Resources */,
			);
			runOnlyForDeploymentPostprocessing = 0;
		};
		151976BB1B727DB600E03E48 /* Resources */ = {
			isa = PBXResourcesBuildPhase;
			buildActionMask = 2147483647;
			files = (
			);
			runOnlyForDeploymentPostprocessing = 0;
		};
/* End PBXResourcesBuildPhase section */

/* Begin PBXSourcesBuildPhase section */
		151976A01B727DB600E03E48 /* Sources */ = {
			isa = PBXSourcesBuildPhase;
			buildActionMask = 2147483647;
			files = (
				15BD07E91B72DD3900E16CB1 /* UploadPhotosViewController.m in Sources */,
				151976B01B727DB600E03E48 /* ViewController.m in Sources */,
				15BD07E31B72DCF200E16CB1 /* AgesRangeViewController.m in Sources */,
				15BD07E61B72DD1900E16CB1 /* AboutYouViewController.m in Sources */,
				151976AD1B727DB600E03E48 /* AppDelegate.m in Sources */,
				15BD07E01B72DC9700E16CB1 /* TypesViewController.m in Sources */,
				15BD07DD1B72DC8000E16CB1 /* LevelsofDeafnessViewController.m in Sources */,
				151976AA1B727DB600E03E48 /* main.m in Sources */,
				15BD07DA1B72DC1700E16CB1 /* IntroViewController.m in Sources */,
			);
			runOnlyForDeploymentPostprocessing = 0;
		};
		151976B91B727DB600E03E48 /* Sources */ = {
			isa = PBXSourcesBuildPhase;
			buildActionMask = 2147483647;
			files = (
				151976C41B727DB600E03E48 /* ASLfishiesTests.m in Sources */,
			);
			runOnlyForDeploymentPostprocessing = 0;
		};
/* End PBXSourcesBuildPhase section */

/* Begin PBXTargetDependency section */
		151976BF1B727DB600E03E48 /* PBXTargetDependency */ = {
			isa = PBXTargetDependency;
			target = 151976A31B727DB600E03E48 /* ASLfishies */;
			targetProxy = 151976BE1B727DB600E03E48 /* PBXContainerItemProxy */;
		};
/* End PBXTargetDependency section */

/* Begin PBXVariantGroup section */
		151976B11B727DB600E03E48 /* Main.storyboard */ = {
			isa = PBXVariantGroup;
			children = (
				151976B21B727DB600E03E48 /* Base */,
			);
			name = Main.storyboard;
			sourceTree = "<group>";
		};
		151976B61B727DB600E03E48 /* LaunchScreen.xib */ = {
			isa = PBXVariantGroup;
			children = (
				151976B71B727DB600E03E48 /* Base */,
			);
			name = LaunchScreen.xib;
			sourceTree = "<group>";
		};
/* End PBXVariantGroup section */

/* Begin XCBuildConfiguration section */
		151976C51B727DB600E03E48 /* Debug */ = {
			isa = XCBuildConfiguration;
			buildSettings = {
				ALWAYS_SEARCH_USER_PATHS = NO;
				CLANG_CXX_LANGUAGE_STANDARD = "gnu++0x";
				CLANG_CXX_LIBRARY = "libc++";
				CLANG_ENABLE_MODULES = YES;
				CLANG_ENABLE_OBJC_ARC = YES;
				CLANG_WARN_BOOL_CONVERSION = YES;
				CLANG_WARN_CONSTANT_CONVERSION = YES;
				CLANG_WARN_DIRECT_OBJC_ISA_USAGE = YES_ERROR;
				CLANG_WARN_EMPTY_BODY = YES;
				CLANG_WARN_ENUM_CONVERSION = YES;
				CLANG_WARN_INT_CONVERSION = YES;
				CLANG_WARN_OBJC_ROOT_CLASS = YES_ERROR;
				CLANG_WARN_UNREACHABLE_CODE = YES;
				CLANG_WARN__DUPLICATE_METHOD_MATCH = YES;
				"CODE_SIGN_IDENTITY[sdk=iphoneos*]" = "iPhone Developer";
				COPY_PHASE_STRIP = NO;
				DEBUG_INFORMATION_FORMAT = "dwarf-with-dsym";
				ENABLE_STRICT_OBJC_MSGSEND = YES;
				GCC_C_LANGUAGE_STANDARD = gnu99;
				GCC_DYNAMIC_NO_PIC = NO;
				GCC_NO_COMMON_BLOCKS = YES;
				GCC_OPTIMIZATION_LEVEL = 0;
				GCC_PREPROCESSOR_DEFINITIONS = (
					"DEBUG=1",
					"$(inherited)",
				);
				GCC_SYMBOLS_PRIVATE_EXTERN = NO;
				GCC_WARN_64_TO_32_BIT_CONVERSION = YES;
				GCC_WARN_ABOUT_RETURN_TYPE = YES_ERROR;
				GCC_WARN_UNDECLARED_SELECTOR = YES;
				GCC_WARN_UNINITIALIZED_AUTOS = YES_AGGRESSIVE;
				GCC_WARN_UNUSED_FUNCTION = YES;
				GCC_WARN_UNUSED_VARIABLE = YES;
				IPHONEOS_DEPLOYMENT_TARGET = 8.4;
				MTL_ENABLE_DEBUG_INFO = YES;
				ONLY_ACTIVE_ARCH = YES;
				SDKROOT = iphoneos;
				TARGETED_DEVICE_FAMILY = "1,2";
			};
			name = Debug;
		};
		151976C61B727DB600E03E48 /* Release */ = {
			isa = XCBuildConfiguration;
			buildSettings = {
				ALWAYS_SEARCH_USER_PATHS = NO;
				CLANG_CXX_LANGUAGE_STANDARD = "gnu++0x";
				CLANG_CXX_LIBRARY = "libc++";
				CLANG_ENABLE_MODULES = YES;
				CLANG_ENABLE_OBJC_ARC = YES;
				CLANG_WARN_BOOL_CONVERSION = YES;
				CLANG_WARN_CONSTANT_CONVERSION = YES;
				CLANG_WARN_DIRECT_OBJC_ISA_USAGE = YES_ERROR;
				CLANG_WARN_EMPTY_BODY = YES;
				CLANG_WARN_ENUM_CONVERSION = YES;
				CLANG_WARN_INT_CONVERSION = YES;
				CLANG_WARN_OBJC_ROOT_CLASS = YES_ERROR;
				CLANG_WARN_UNREACHABLE_CODE = YES;
				CLANG_WARN__DUPLICATE_METHOD_MATCH = YES;
				"CODE_SIGN_IDENTITY[sdk=iphoneos*]" = "iPhone Developer";
				COPY_PHASE_STRIP = NO;
				DEBUG_INFORMATION_FORMAT = "dwarf-with-dsym";
				ENABLE_NS_ASSERTIONS = NO;
				ENABLE_STRICT_OBJC_MSGSEND = YES;
				GCC_C_LANGUAGE_STANDARD = gnu99;
				GCC_NO_COMMON_BLOCKS = YES;
				GCC_WARN_64_TO_32_BIT_CONVERSION = YES;
				GCC_WARN_ABOUT_RETURN_TYPE = YES_ERROR;
				GCC_WARN_UNDECLARED_SELECTOR = YES;
				GCC_WARN_UNINITIALIZED_AUTOS = YES_AGGRESSIVE;
				GCC_WARN_UNUSED_FUNCTION = YES;
				GCC_WARN_UNUSED_VARIABLE = YES;
				IPHONEOS_DEPLOYMENT_TARGET = 8.4;
				MTL_ENABLE_DEBUG_INFO = NO;
				SDKROOT = iphoneos;
				TARGETED_DEVICE_FAMILY = "1,2";
				VALIDATE_PRODUCT = YES;
			};
			name = Release;
		};
		151976C81B727DB600E03E48 /* Debug */ = {
			isa = XCBuildConfiguration;
			buildSettings = {
				ASSETCATALOG_COMPILER_APPICON_NAME = AppIcon;
				CODE_SIGN_ENTITLEMENTS = "";
				CODE_SIGN_IDENTITY = "iPhone Developer";
				"CODE_SIGN_IDENTITY[sdk=iphoneos*]" = "iPhone Developer";
				INFOPLIST_FILE = ASLfishies/Info.plist;
				LD_RUNPATH_SEARCH_PATHS = "$(inherited) @executable_path/Frameworks";
				PRODUCT_NAME = "$(TARGET_NAME)";
				PROVISIONING_PROFILE = "";
			};
			name = Debug;
		};
		151976C91B727DB600E03E48 /* Release */ = {
			isa = XCBuildConfiguration;
			buildSettings = {
				ASSETCATALOG_COMPILER_APPICON_NAME = AppIcon;
				CODE_SIGN_ENTITLEMENTS = "";
				CODE_SIGN_IDENTITY = "iPhone Developer";
				"CODE_SIGN_IDENTITY[sdk=iphoneos*]" = "iPhone Developer";
				INFOPLIST_FILE = ASLfishies/Info.plist;
				LD_RUNPATH_SEARCH_PATHS = "$(inherited) @executable_path/Frameworks";
				PRODUCT_NAME = "$(TARGET_NAME)";
				PROVISIONING_PROFILE = "";
			};
			name = Release;
		};
		151976CB1B727DB600E03E48 /* Debug */ = {
			isa = XCBuildConfiguration;
			buildSettings = {
				BUNDLE_LOADER = "$(TEST_HOST)";
				FRAMEWORK_SEARCH_PATHS = (
					"$(SDKROOT)/Developer/Library/Frameworks",
					"$(inherited)",
				);
				GCC_PREPROCESSOR_DEFINITIONS = (
					"DEBUG=1",
					"$(inherited)",
				);
				INFOPLIST_FILE = ASLfishiesTests/Info.plist;
				LD_RUNPATH_SEARCH_PATHS = "$(inherited) @executable_path/Frameworks @loader_path/Frameworks";
				PRODUCT_NAME = "$(TARGET_NAME)";
				TEST_HOST = "$(BUILT_PRODUCTS_DIR)/ASLfishies.app/ASLfishies";
			};
			name = Debug;
		};
		151976CC1B727DB600E03E48 /* Release */ = {
			isa = XCBuildConfiguration;
			buildSettings = {
				BUNDLE_LOADER = "$(TEST_HOST)";
				FRAMEWORK_SEARCH_PATHS = (
					"$(SDKROOT)/Developer/Library/Frameworks",
					"$(inherited)",
				);
				INFOPLIST_FILE = ASLfishiesTests/Info.plist;
				LD_RUNPATH_SEARCH_PATHS = "$(inherited) @executable_path/Frameworks @loader_path/Frameworks";
				PRODUCT_NAME = "$(TARGET_NAME)";
				TEST_HOST = "$(BUILT_PRODUCTS_DIR)/ASLfishies.app/ASLfishies";
			};
			name = Release;
		};
/* End XCBuildConfiguration section */

/* Begin XCConfigurationList section */
		1519769F1B727DB600E03E48 /* Build configuration list for PBXProject "ASLfishies" */ = {
			isa = XCConfigurationList;
			buildConfigurations = (
				151976C51B727DB600E03E48 /* Debug */,
				151976C61B727DB600E03E48 /* Release */,
			);
			defaultConfigurationIsVisible = 0;
			defaultConfigurationName = Release;
		};
		151976C71B727DB600E03E48 /* Build configuration list for PBXNativeTarget "ASLfishies" */ = {
			isa = XCConfigurationList;
			buildConfigurations = (
				151976C81B727DB600E03E48 /* Debug */,
				151976C91B727DB600E03E48 /* Release */,
			);
			defaultConfigurationIsVisible = 0;
			defaultConfigurationName = Release;
		};
		151976CA1B727DB600E03E48 /* Build configuration list for PBXNativeTarget "ASLfishiesTests" */ = {
			isa = XCConfigurationList;
			buildConfigurations = (
				151976CB1B727DB600E03E48 /* Debug */,
				151976CC1B727DB600E03E48 /* Release */,
			);
			defaultConfigurationIsVisible = 0;
			defaultConfigurationName = Release;
		};
/* End XCConfigurationList section */
	};
	rootObject = 1519769C1B727DB600E03E48 /* Project object */;
}
